// !$*UTF8*$!
{
	archiveVersion = 1;
	classes = {
	};
	objectVersion = 56;
	objects = {

/* Begin PBXBuildFile section */
		2715F2FF2A31482F00D3C918 /* AgregarTopBar.swift in Sources */ = {isa = PBXBuildFile; fileRef = 2715F2FE2A31482F00D3C918 /* AgregarTopBar.swift */; };
		271A7E1529F0FA3300BBAEA3 /* ImageProductNetworkViewModel.swift in Sources */ = {isa = PBXBuildFile; fileRef = 271A7E1429F0FA3300BBAEA3 /* ImageProductNetworkViewModel.swift */; };
		272066802A094D6A00E0CCA8 /* VentasCoreDataViewModel.swift in Sources */ = {isa = PBXBuildFile; fileRef = 2720667F2A094D6A00E0CCA8 /* VentasCoreDataViewModel.swift */; };
		2728EAAA2A1B0B89002B534A /* LocalCarManager.swift in Sources */ = {isa = PBXBuildFile; fileRef = 2728EAA92A1B0B89002B534A /* LocalCarManager.swift */; };
		2728EAAC2A1B0BA4002B534A /* LocalSaleManager.swift in Sources */ = {isa = PBXBuildFile; fileRef = 2728EAAB2A1B0BA4002B534A /* LocalSaleManager.swift */; };
		2728EAAE2A1B0BC2002B534A /* SaleRepositoryImpl.swift in Sources */ = {isa = PBXBuildFile; fileRef = 2728EAAD2A1B0BC2002B534A /* SaleRepositoryImpl.swift */; };
		2728EAB02A1B0BD5002B534A /* CarRepositoryImpl.swift in Sources */ = {isa = PBXBuildFile; fileRef = 2728EAAF2A1B0BD5002B534A /* CarRepositoryImpl.swift */; };
		2728EAB22A1B0E02002B534A /* Car.swift in Sources */ = {isa = PBXBuildFile; fileRef = 2728EAB12A1B0E02002B534A /* Car.swift */; };
		2728EAB42A1B0E0D002B534A /* Sale.swift in Sources */ = {isa = PBXBuildFile; fileRef = 2728EAB32A1B0E0D002B534A /* Sale.swift */; };
		2734B2342A300FF2003EA365 /* CustomHideKeyboard.swift in Sources */ = {isa = PBXBuildFile; fileRef = 2734B2332A300FF2003EA365 /* CustomHideKeyboard.swift */; };
		274CE29A29E6D792007C703D /* Flor_ShopApp.swift in Sources */ = {isa = PBXBuildFile; fileRef = 274CE29929E6D792007C703D /* Flor_ShopApp.swift */; };
		274CE29C29E6D792007C703D /* ProductView.swift in Sources */ = {isa = PBXBuildFile; fileRef = 274CE29B29E6D792007C703D /* ProductView.swift */; };
		274CE29E29E6D793007C703D /* Assets.xcassets in Resources */ = {isa = PBXBuildFile; fileRef = 274CE29D29E6D793007C703D /* Assets.xcassets */; };
		274CE2A129E6D793007C703D /* Preview Assets.xcassets in Resources */ = {isa = PBXBuildFile; fileRef = 274CE2A029E6D793007C703D /* Preview Assets.xcassets */; };
		27B2DCC12A353EA00042485D /* CustomAsyncImageView.swift in Sources */ = {isa = PBXBuildFile; fileRef = 27B2DCC02A353EA00042485D /* CustomAsyncImageView.swift */; };
		27B3936C29F73B510085D4EC /* CustomTabBar.swift in Sources */ = {isa = PBXBuildFile; fileRef = 27B3936B29F73B510085D4EC /* CustomTabBar.swift */; };
		27B3936E29F74E4B0085D4EC /* MenuView.swift in Sources */ = {isa = PBXBuildFile; fileRef = 27B3936D29F74E4B0085D4EC /* MenuView.swift */; };
		27B3937029F7575C0085D4EC /* BuscarTopBar.swift in Sources */ = {isa = PBXBuildFile; fileRef = 27B3936F29F7575C0085D4EC /* BuscarTopBar.swift */; };
		27C241FC2A008CB50045B2A0 /* ProductCoreDataViewModel.swift in Sources */ = {isa = PBXBuildFile; fileRef = 27C241FB2A008CB50045B2A0 /* ProductCoreDataViewModel.swift */; };
		27C241FF2A00A89C0045B2A0 /* CarritoCoreDataViewModel.swift in Sources */ = {isa = PBXBuildFile; fileRef = 27C241FE2A00A89C0045B2A0 /* CarritoCoreDataViewModel.swift */; };
		27C318D429F2FA45004CC146 /* BDFlor.xcdatamodeld in Sources */ = {isa = PBXBuildFile; fileRef = 27C318D229F2FA45004CC146 /* BDFlor.xcdatamodeld */; };
		27C318E029F34062004CC146 /* AgregarView.swift in Sources */ = {isa = PBXBuildFile; fileRef = 27C318DF29F34062004CC146 /* AgregarView.swift */; };
		27C318E229F34498004CC146 /* DefaultTopBar.swift in Sources */ = {isa = PBXBuildFile; fileRef = 27C318E129F34498004CC146 /* DefaultTopBar.swift */; };
		27CB99C52A3354F60083CAB7 /* CustomButtons.swift in Sources */ = {isa = PBXBuildFile; fileRef = 27CB99C42A3354F60083CAB7 /* CustomButtons.swift */; };
		27E7A51C2A1D18570042983D /* CartDetail.swift in Sources */ = {isa = PBXBuildFile; fileRef = 27E7A51B2A1D18570042983D /* CartDetail.swift */; };
		27EE72F029F8A104007C3B5F /* ProductCardView.swift in Sources */ = {isa = PBXBuildFile; fileRef = 27EE72EF29F8A104007C3B5F /* ProductCardView.swift */; };
		27F54F3029FDDC810083B616 /* CartProductCardView.swift in Sources */ = {isa = PBXBuildFile; fileRef = 27F54F2F29FDDC810083B616 /* CartProductCardView.swift */; };
		27F54F3229FDE5210083B616 /* CarritoView.swift in Sources */ = {isa = PBXBuildFile; fileRef = 27F54F3129FDE5210083B616 /* CarritoView.swift */; };
		27F54F3429FDE6180083B616 /* CartTopBar.swift in Sources */ = {isa = PBXBuildFile; fileRef = 27F54F3329FDE6180083B616 /* CartTopBar.swift */; };
		68A4B1092A196B7500FC8D9D /* CoreDataProvider.swift in Sources */ = {isa = PBXBuildFile; fileRef = 68A4B1082A196B7500FC8D9D /* CoreDataProvider.swift */; };
		68A4B1102A197BFB00FC8D9D /* ProductRepositoryImpl.swift in Sources */ = {isa = PBXBuildFile; fileRef = 68A4B10F2A197BFB00FC8D9D /* ProductRepositoryImpl.swift */; };
		68A4B1132A19835200FC8D9D /* Product.swift in Sources */ = {isa = PBXBuildFile; fileRef = 68A4B1122A19835200FC8D9D /* Product.swift */; };
		68D990C22A1ADEA700A3A393 /* LocalProductManager.swift in Sources */ = {isa = PBXBuildFile; fileRef = 68D990C12A1ADEA700A3A393 /* LocalProductManager.swift */; };
		68D990C52A1AE98A00A3A393 /* ModelMapper.swift in Sources */ = {isa = PBXBuildFile; fileRef = 68D990C42A1AE98A00A3A393 /* ModelMapper.swift */; };
/* End PBXBuildFile section */

/* Begin PBXFileReference section */
		2715F2FE2A31482F00D3C918 /* AgregarTopBar.swift */ = {isa = PBXFileReference; lastKnownFileType = sourcecode.swift; path = AgregarTopBar.swift; sourceTree = "<group>"; };
		271A7E1429F0FA3300BBAEA3 /* ImageProductNetworkViewModel.swift */ = {isa = PBXFileReference; lastKnownFileType = sourcecode.swift; path = ImageProductNetworkViewModel.swift; sourceTree = "<group>"; };
		2720667F2A094D6A00E0CCA8 /* VentasCoreDataViewModel.swift */ = {isa = PBXFileReference; lastKnownFileType = sourcecode.swift; path = VentasCoreDataViewModel.swift; sourceTree = "<group>"; };
		2728EAA92A1B0B89002B534A /* LocalCarManager.swift */ = {isa = PBXFileReference; lastKnownFileType = sourcecode.swift; path = LocalCarManager.swift; sourceTree = "<group>"; };
		2728EAAB2A1B0BA4002B534A /* LocalSaleManager.swift */ = {isa = PBXFileReference; lastKnownFileType = sourcecode.swift; path = LocalSaleManager.swift; sourceTree = "<group>"; };
		2728EAAD2A1B0BC2002B534A /* SaleRepositoryImpl.swift */ = {isa = PBXFileReference; lastKnownFileType = sourcecode.swift; path = SaleRepositoryImpl.swift; sourceTree = "<group>"; };
		2728EAAF2A1B0BD5002B534A /* CarRepositoryImpl.swift */ = {isa = PBXFileReference; lastKnownFileType = sourcecode.swift; path = CarRepositoryImpl.swift; sourceTree = "<group>"; };
		2728EAB12A1B0E02002B534A /* Car.swift */ = {isa = PBXFileReference; lastKnownFileType = sourcecode.swift; path = Car.swift; sourceTree = "<group>"; };
		2728EAB32A1B0E0D002B534A /* Sale.swift */ = {isa = PBXFileReference; lastKnownFileType = sourcecode.swift; path = Sale.swift; sourceTree = "<group>"; };
		2734B2332A300FF2003EA365 /* CustomHideKeyboard.swift */ = {isa = PBXFileReference; lastKnownFileType = sourcecode.swift; path = CustomHideKeyboard.swift; sourceTree = "<group>"; };
		274CE29629E6D792007C703D /* Flor Shop.app */ = {isa = PBXFileReference; explicitFileType = wrapper.application; includeInIndex = 0; path = "Flor Shop.app"; sourceTree = BUILT_PRODUCTS_DIR; };
		274CE29929E6D792007C703D /* Flor_ShopApp.swift */ = {isa = PBXFileReference; lastKnownFileType = sourcecode.swift; path = Flor_ShopApp.swift; sourceTree = "<group>"; };
		274CE29B29E6D792007C703D /* ProductView.swift */ = {isa = PBXFileReference; lastKnownFileType = sourcecode.swift; path = ProductView.swift; sourceTree = "<group>"; };
		274CE29D29E6D793007C703D /* Assets.xcassets */ = {isa = PBXFileReference; lastKnownFileType = folder.assetcatalog; path = Assets.xcassets; sourceTree = "<group>"; };
		274CE2A029E6D793007C703D /* Preview Assets.xcassets */ = {isa = PBXFileReference; lastKnownFileType = folder.assetcatalog; path = "Preview Assets.xcassets"; sourceTree = "<group>"; };
		27B2DCC02A353EA00042485D /* CustomAsyncImageView.swift */ = {isa = PBXFileReference; lastKnownFileType = sourcecode.swift; path = CustomAsyncImageView.swift; sourceTree = "<group>"; };
		27B3936B29F73B510085D4EC /* CustomTabBar.swift */ = {isa = PBXFileReference; lastKnownFileType = sourcecode.swift; path = CustomTabBar.swift; sourceTree = "<group>"; };
		27B3936D29F74E4B0085D4EC /* MenuView.swift */ = {isa = PBXFileReference; lastKnownFileType = sourcecode.swift; path = MenuView.swift; sourceTree = "<group>"; };
		27B3936F29F7575C0085D4EC /* BuscarTopBar.swift */ = {isa = PBXFileReference; lastKnownFileType = sourcecode.swift; path = BuscarTopBar.swift; sourceTree = "<group>"; };
		27C241FB2A008CB50045B2A0 /* ProductCoreDataViewModel.swift */ = {isa = PBXFileReference; lastKnownFileType = sourcecode.swift; path = ProductCoreDataViewModel.swift; sourceTree = "<group>"; };
		27C241FE2A00A89C0045B2A0 /* CarritoCoreDataViewModel.swift */ = {isa = PBXFileReference; lastKnownFileType = sourcecode.swift; path = CarritoCoreDataViewModel.swift; sourceTree = "<group>"; };
		27C318D329F2FA45004CC146 /* BDFlor.xcdatamodel */ = {isa = PBXFileReference; lastKnownFileType = wrapper.xcdatamodel; path = BDFlor.xcdatamodel; sourceTree = "<group>"; };
		27C318DF29F34062004CC146 /* AgregarView.swift */ = {isa = PBXFileReference; lastKnownFileType = sourcecode.swift; path = AgregarView.swift; sourceTree = "<group>"; };
		27C318E129F34498004CC146 /* DefaultTopBar.swift */ = {isa = PBXFileReference; lastKnownFileType = sourcecode.swift; path = DefaultTopBar.swift; sourceTree = "<group>"; };
		27CB99C42A3354F60083CAB7 /* CustomButtons.swift */ = {isa = PBXFileReference; lastKnownFileType = sourcecode.swift; path = CustomButtons.swift; sourceTree = "<group>"; };
		27E7A51B2A1D18570042983D /* CartDetail.swift */ = {isa = PBXFileReference; lastKnownFileType = sourcecode.swift; path = CartDetail.swift; sourceTree = "<group>"; };
		27EE72EF29F8A104007C3B5F /* ProductCardView.swift */ = {isa = PBXFileReference; lastKnownFileType = sourcecode.swift; path = ProductCardView.swift; sourceTree = "<group>"; };
		27F54F2F29FDDC810083B616 /* CartProductCardView.swift */ = {isa = PBXFileReference; lastKnownFileType = sourcecode.swift; path = CartProductCardView.swift; sourceTree = "<group>"; };
		27F54F3129FDE5210083B616 /* CarritoView.swift */ = {isa = PBXFileReference; lastKnownFileType = sourcecode.swift; path = CarritoView.swift; sourceTree = "<group>"; };
		27F54F3329FDE6180083B616 /* CartTopBar.swift */ = {isa = PBXFileReference; lastKnownFileType = sourcecode.swift; path = CartTopBar.swift; sourceTree = "<group>"; };
		68A4B1082A196B7500FC8D9D /* CoreDataProvider.swift */ = {isa = PBXFileReference; lastKnownFileType = sourcecode.swift; path = CoreDataProvider.swift; sourceTree = "<group>"; };
		68A4B10F2A197BFB00FC8D9D /* ProductRepositoryImpl.swift */ = {isa = PBXFileReference; lastKnownFileType = sourcecode.swift; path = ProductRepositoryImpl.swift; sourceTree = "<group>"; };
		68A4B1122A19835200FC8D9D /* Product.swift */ = {isa = PBXFileReference; lastKnownFileType = sourcecode.swift; path = Product.swift; sourceTree = "<group>"; };
		68D990C12A1ADEA700A3A393 /* LocalProductManager.swift */ = {isa = PBXFileReference; lastKnownFileType = sourcecode.swift; path = LocalProductManager.swift; sourceTree = "<group>"; };
		68D990C42A1AE98A00A3A393 /* ModelMapper.swift */ = {isa = PBXFileReference; lastKnownFileType = sourcecode.swift; path = ModelMapper.swift; sourceTree = "<group>"; };
/* End PBXFileReference section */

/* Begin PBXFrameworksBuildPhase section */
		274CE29329E6D792007C703D /* Frameworks */ = {
			isa = PBXFrameworksBuildPhase;
			buildActionMask = 2147483647;
			files = (
			);
			runOnlyForDeploymentPostprocessing = 0;
		};
/* End PBXFrameworksBuildPhase section */

/* Begin PBXGroup section */
		274CE28D29E6D792007C703D = {
			isa = PBXGroup;
			children = (
				274CE29829E6D792007C703D /* Flor Shop */,
				274CE29729E6D792007C703D /* Products */,
			);
			sourceTree = "<group>";
		};
		274CE29729E6D792007C703D /* Products */ = {
			isa = PBXGroup;
			children = (
				274CE29629E6D792007C703D /* Flor Shop.app */,
			);
			name = Products;
			sourceTree = "<group>";
		};
		274CE29829E6D792007C703D /* Flor Shop */ = {
			isa = PBXGroup;
			children = (
				68A4B10A2A196BD800FC8D9D /* data */,
				68A4B1072A196B6400FC8D9D /* manager */,
				274CE2A729E6D811007C703D /* Model */,
				274CE2A829E6D817007C703D /* ViewModel */,
				274CE2A929E6D81E007C703D /* View */,
				274CE29929E6D792007C703D /* Flor_ShopApp.swift */,
				274CE29D29E6D793007C703D /* Assets.xcassets */,
				274CE29F29E6D793007C703D /* Preview Content */,
			);
			path = "Flor Shop";
			sourceTree = "<group>";
		};
		274CE29F29E6D793007C703D /* Preview Content */ = {
			isa = PBXGroup;
			children = (
				274CE2A029E6D793007C703D /* Preview Assets.xcassets */,
			);
			path = "Preview Content";
			sourceTree = "<group>";
		};
		274CE2A729E6D811007C703D /* Model */ = {
			isa = PBXGroup;
			children = (
				68A4B1112A19833800FC8D9D /* coredata */,
				27C318D229F2FA45004CC146 /* BDFlor.xcdatamodeld */,
			);
			path = Model;
			sourceTree = "<group>";
		};
		274CE2A829E6D817007C703D /* ViewModel */ = {
			isa = PBXGroup;
			children = (
				271A7E1429F0FA3300BBAEA3 /* ImageProductNetworkViewModel.swift */,
				27C241FB2A008CB50045B2A0 /* ProductCoreDataViewModel.swift */,
				27C241FE2A00A89C0045B2A0 /* CarritoCoreDataViewModel.swift */,
				2720667F2A094D6A00E0CCA8 /* VentasCoreDataViewModel.swift */,
			);
			path = ViewModel;
			sourceTree = "<group>";
		};
		274CE2A929E6D81E007C703D /* View */ = {
			isa = PBXGroup;
			children = (
				27C241F52A0088A70045B2A0 /* General */,
				27C241F92A0089B50045B2A0 /* AgregarView */,
				27C241F62A0088DE0045B2A0 /* ProductView */,
				27C241F72A0088E90045B2A0 /* CarritoView */,
				27B3936D29F74E4B0085D4EC /* MenuView.swift */,
			);
			path = View;
			sourceTree = "<group>";
		};
		27C241F52A0088A70045B2A0 /* General */ = {
			isa = PBXGroup;
			children = (
				27C318E129F34498004CC146 /* DefaultTopBar.swift */,
				27B3936B29F73B510085D4EC /* CustomTabBar.swift */,
				2734B2332A300FF2003EA365 /* CustomHideKeyboard.swift */,
				27CB99C42A3354F60083CAB7 /* CustomButtons.swift */,
				27B2DCC02A353EA00042485D /* CustomAsyncImageView.swift */,
			);
			path = General;
			sourceTree = "<group>";
		};
		27C241F62A0088DE0045B2A0 /* ProductView */ = {
			isa = PBXGroup;
			children = (
				274CE29B29E6D792007C703D /* ProductView.swift */,
				27C318DC29F33655004CC146 /* Components */,
			);
			path = ProductView;
			sourceTree = "<group>";
		};
		27C241F72A0088E90045B2A0 /* CarritoView */ = {
			isa = PBXGroup;
			children = (
				27F54F3129FDE5210083B616 /* CarritoView.swift */,
				27C241F82A0089960045B2A0 /* Components */,
			);
			path = CarritoView;
			sourceTree = "<group>";
		};
		27C241F82A0089960045B2A0 /* Components */ = {
			isa = PBXGroup;
			children = (
				27F54F2F29FDDC810083B616 /* CartProductCardView.swift */,
				27F54F3329FDE6180083B616 /* CartTopBar.swift */,
			);
			path = Components;
			sourceTree = "<group>";
		};
		27C241F92A0089B50045B2A0 /* AgregarView */ = {
			isa = PBXGroup;
			children = (
				27C318DF29F34062004CC146 /* AgregarView.swift */,
				27C241FA2A0089BC0045B2A0 /* Components */,
			);
			path = AgregarView;
			sourceTree = "<group>";
		};
		27C241FA2A0089BC0045B2A0 /* Components */ = {
			isa = PBXGroup;
			children = (
				2715F2FE2A31482F00D3C918 /* AgregarTopBar.swift */,
			);
			path = Components;
			sourceTree = "<group>";
		};
		27C318DC29F33655004CC146 /* Components */ = {
			isa = PBXGroup;
			children = (
				27B3936F29F7575C0085D4EC /* BuscarTopBar.swift */,
				27EE72EF29F8A104007C3B5F /* ProductCardView.swift */,
			);
			path = Components;
			sourceTree = "<group>";
		};
		68A4B1072A196B6400FC8D9D /* manager */ = {
			isa = PBXGroup;
			children = (
				68A4B1082A196B7500FC8D9D /* CoreDataProvider.swift */,
			);
			path = manager;
			sourceTree = "<group>";
		};
		68A4B10A2A196BD800FC8D9D /* data */ = {
			isa = PBXGroup;
			children = (
				68D990C32A1AE92800A3A393 /* mapper */,
				68D990C02A1ADE8000A3A393 /* repository */,
				68A4B10C2A196C5B00FC8D9D /* remote */,
				68A4B10B2A196C5400FC8D9D /* local */,
			);
			path = data;
			sourceTree = "<group>";
		};
		68A4B10B2A196C5400FC8D9D /* local */ = {
			isa = PBXGroup;
			children = (
				68D990C12A1ADEA700A3A393 /* LocalProductManager.swift */,
				2728EAA92A1B0B89002B534A /* LocalCarManager.swift */,
				2728EAAB2A1B0BA4002B534A /* LocalSaleManager.swift */,
			);
			path = local;
			sourceTree = "<group>";
		};
		68A4B10C2A196C5B00FC8D9D /* remote */ = {
			isa = PBXGroup;
			children = (
			);
			path = remote;
			sourceTree = "<group>";
		};
		68A4B1112A19833800FC8D9D /* coredata */ = {
			isa = PBXGroup;
			children = (
				68A4B1122A19835200FC8D9D /* Product.swift */,
				2728EAB12A1B0E02002B534A /* Car.swift */,
				2728EAB32A1B0E0D002B534A /* Sale.swift */,
				27E7A51B2A1D18570042983D /* CartDetail.swift */,
			);
			path = coredata;
			sourceTree = "<group>";
		};
		68D990C02A1ADE8000A3A393 /* repository */ = {
			isa = PBXGroup;
			children = (
				68A4B10F2A197BFB00FC8D9D /* ProductRepositoryImpl.swift */,
				2728EAAD2A1B0BC2002B534A /* SaleRepositoryImpl.swift */,
				2728EAAF2A1B0BD5002B534A /* CarRepositoryImpl.swift */,
			);
			path = repository;
			sourceTree = "<group>";
		};
		68D990C32A1AE92800A3A393 /* mapper */ = {
			isa = PBXGroup;
			children = (
				68D990C42A1AE98A00A3A393 /* ModelMapper.swift */,
			);
			path = mapper;
			sourceTree = "<group>";
		};
/* End PBXGroup section */

/* Begin PBXNativeTarget section */
		274CE29529E6D792007C703D /* Flor Shop */ = {
			isa = PBXNativeTarget;
			buildConfigurationList = 274CE2A429E6D793007C703D /* Build configuration list for PBXNativeTarget "Flor Shop" */;
			buildPhases = (
				274CE29229E6D792007C703D /* Sources */,
				274CE29329E6D792007C703D /* Frameworks */,
				274CE29429E6D792007C703D /* Resources */,
			);
			buildRules = (
			);
			dependencies = (
			);
			name = "Flor Shop";
			productName = "Flor Shop";
			productReference = 274CE29629E6D792007C703D /* Flor Shop.app */;
			productType = "com.apple.product-type.application";
		};
/* End PBXNativeTarget section */

/* Begin PBXProject section */
		274CE28E29E6D792007C703D /* Project object */ = {
			isa = PBXProject;
			attributes = {
				BuildIndependentTargetsInParallel = 1;
				LastSwiftUpdateCheck = 1430;
				LastUpgradeCheck = 1430;
				TargetAttributes = {
					274CE29529E6D792007C703D = {
						CreatedOnToolsVersion = 14.3;
					};
				};
			};
			buildConfigurationList = 274CE29129E6D792007C703D /* Build configuration list for PBXProject "Flor Shop" */;
			compatibilityVersion = "Xcode 14.0";
			developmentRegion = en;
			hasScannedForEncodings = 0;
			knownRegions = (
				en,
				Base,
			);
			mainGroup = 274CE28D29E6D792007C703D;
			productRefGroup = 274CE29729E6D792007C703D /* Products */;
			projectDirPath = "";
			projectRoot = "";
			targets = (
				274CE29529E6D792007C703D /* Flor Shop */,
			);
		};
/* End PBXProject section */

/* Begin PBXResourcesBuildPhase section */
		274CE29429E6D792007C703D /* Resources */ = {
			isa = PBXResourcesBuildPhase;
			buildActionMask = 2147483647;
			files = (
				274CE2A129E6D793007C703D /* Preview Assets.xcassets in Resources */,
				274CE29E29E6D793007C703D /* Assets.xcassets in Resources */,
			);
			runOnlyForDeploymentPostprocessing = 0;
		};
/* End PBXResourcesBuildPhase section */

/* Begin PBXSourcesBuildPhase section */
		274CE29229E6D792007C703D /* Sources */ = {
			isa = PBXSourcesBuildPhase;
			buildActionMask = 2147483647;
			files = (
				27B2DCC12A353EA00042485D /* CustomAsyncImageView.swift in Sources */,
				27C318E029F34062004CC146 /* AgregarView.swift in Sources */,
				27C318E229F34498004CC146 /* DefaultTopBar.swift in Sources */,
				27B3937029F7575C0085D4EC /* BuscarTopBar.swift in Sources */,
				2728EAAE2A1B0BC2002B534A /* SaleRepositoryImpl.swift in Sources */,
				2715F2FF2A31482F00D3C918 /* AgregarTopBar.swift in Sources */,
				274CE29C29E6D792007C703D /* ProductView.swift in Sources */,
				27F54F3429FDE6180083B616 /* CartTopBar.swift in Sources */,
				2728EAB02A1B0BD5002B534A /* CarRepositoryImpl.swift in Sources */,
				68A4B1132A19835200FC8D9D /* Product.swift in Sources */,
				27B3936C29F73B510085D4EC /* CustomTabBar.swift in Sources */,
				274CE29A29E6D792007C703D /* Flor_ShopApp.swift in Sources */,
				68D990C52A1AE98A00A3A393 /* ModelMapper.swift in Sources */,
				2728EAAA2A1B0B89002B534A /* LocalCarManager.swift in Sources */,
				27C241FC2A008CB50045B2A0 /* ProductCoreDataViewModel.swift in Sources */,
				27E7A51C2A1D18570042983D /* CartDetail.swift in Sources */,
				27B3936E29F74E4B0085D4EC /* MenuView.swift in Sources */,
				68D990C22A1ADEA700A3A393 /* LocalProductManager.swift in Sources */,
				68A4B1102A197BFB00FC8D9D /* ProductRepositoryImpl.swift in Sources */,
				27EE72F029F8A104007C3B5F /* ProductCardView.swift in Sources */,
				27CB99C52A3354F60083CAB7 /* CustomButtons.swift in Sources */,
				2728EAAC2A1B0BA4002B534A /* LocalSaleManager.swift in Sources */,
				27C241FF2A00A89C0045B2A0 /* CarritoCoreDataViewModel.swift in Sources */,
				272066802A094D6A00E0CCA8 /* VentasCoreDataViewModel.swift in Sources */,
				2728EAB22A1B0E02002B534A /* Car.swift in Sources */,
				2734B2342A300FF2003EA365 /* CustomHideKeyboard.swift in Sources */,
				27F54F3229FDE5210083B616 /* CarritoView.swift in Sources */,
				27C318D429F2FA45004CC146 /* BDFlor.xcdatamodeld in Sources */,
				271A7E1529F0FA3300BBAEA3 /* ImageProductNetworkViewModel.swift in Sources */,
				27F54F3029FDDC810083B616 /* CartProductCardView.swift in Sources */,
				2728EAB42A1B0E0D002B534A /* Sale.swift in Sources */,
				68A4B1092A196B7500FC8D9D /* CoreDataProvider.swift in Sources */,
			);
			runOnlyForDeploymentPostprocessing = 0;
		};
/* End PBXSourcesBuildPhase section */

/* Begin XCBuildConfiguration section */
		274CE2A229E6D793007C703D /* Debug */ = {
			isa = XCBuildConfiguration;
			buildSettings = {
				ALWAYS_SEARCH_USER_PATHS = NO;
				CLANG_ANALYZER_NONNULL = YES;
				CLANG_ANALYZER_NUMBER_OBJECT_CONVERSION = YES_AGGRESSIVE;
				CLANG_CXX_LANGUAGE_STANDARD = "gnu++20";
				CLANG_ENABLE_MODULES = YES;
				CLANG_ENABLE_OBJC_ARC = YES;
				CLANG_ENABLE_OBJC_WEAK = YES;
				CLANG_WARN_BLOCK_CAPTURE_AUTORELEASING = YES;
				CLANG_WARN_BOOL_CONVERSION = YES;
				CLANG_WARN_COMMA = YES;
				CLANG_WARN_CONSTANT_CONVERSION = YES;
				CLANG_WARN_DEPRECATED_OBJC_IMPLEMENTATIONS = YES;
				CLANG_WARN_DIRECT_OBJC_ISA_USAGE = YES_ERROR;
				CLANG_WARN_DOCUMENTATION_COMMENTS = YES;
				CLANG_WARN_EMPTY_BODY = YES;
				CLANG_WARN_ENUM_CONVERSION = YES;
				CLANG_WARN_INFINITE_RECURSION = YES;
				CLANG_WARN_INT_CONVERSION = YES;
				CLANG_WARN_NON_LITERAL_NULL_CONVERSION = YES;
				CLANG_WARN_OBJC_IMPLICIT_RETAIN_SELF = YES;
				CLANG_WARN_OBJC_LITERAL_CONVERSION = YES;
				CLANG_WARN_OBJC_ROOT_CLASS = YES_ERROR;
				CLANG_WARN_QUOTED_INCLUDE_IN_FRAMEWORK_HEADER = YES;
				CLANG_WARN_RANGE_LOOP_ANALYSIS = YES;
				CLANG_WARN_STRICT_PROTOTYPES = YES;
				CLANG_WARN_SUSPICIOUS_MOVE = YES;
				CLANG_WARN_UNGUARDED_AVAILABILITY = YES_AGGRESSIVE;
				CLANG_WARN_UNREACHABLE_CODE = YES;
				CLANG_WARN__DUPLICATE_METHOD_MATCH = YES;
				COPY_PHASE_STRIP = NO;
				DEBUG_INFORMATION_FORMAT = dwarf;
				ENABLE_STRICT_OBJC_MSGSEND = YES;
				ENABLE_TESTABILITY = YES;
				GCC_C_LANGUAGE_STANDARD = gnu11;
				GCC_DYNAMIC_NO_PIC = NO;
				GCC_NO_COMMON_BLOCKS = YES;
				GCC_OPTIMIZATION_LEVEL = 0;
				GCC_PREPROCESSOR_DEFINITIONS = (
					"DEBUG=1",
					"$(inherited)",
				);
				GCC_WARN_64_TO_32_BIT_CONVERSION = YES;
				GCC_WARN_ABOUT_RETURN_TYPE = YES_ERROR;
				GCC_WARN_UNDECLARED_SELECTOR = YES;
				GCC_WARN_UNINITIALIZED_AUTOS = YES_AGGRESSIVE;
				GCC_WARN_UNUSED_FUNCTION = YES;
				GCC_WARN_UNUSED_VARIABLE = YES;
				IPHONEOS_DEPLOYMENT_TARGET = 15.0;
				MTL_ENABLE_DEBUG_INFO = INCLUDE_SOURCE;
				MTL_FAST_MATH = YES;
				ONLY_ACTIVE_ARCH = YES;
				SDKROOT = iphoneos;
				SWIFT_ACTIVE_COMPILATION_CONDITIONS = DEBUG;
				SWIFT_OPTIMIZATION_LEVEL = "-Onone";
			};
			name = Debug;
		};
		274CE2A329E6D793007C703D /* Release */ = {
			isa = XCBuildConfiguration;
			buildSettings = {
				ALWAYS_SEARCH_USER_PATHS = NO;
				CLANG_ANALYZER_NONNULL = YES;
				CLANG_ANALYZER_NUMBER_OBJECT_CONVERSION = YES_AGGRESSIVE;
				CLANG_CXX_LANGUAGE_STANDARD = "gnu++20";
				CLANG_ENABLE_MODULES = YES;
				CLANG_ENABLE_OBJC_ARC = YES;
				CLANG_ENABLE_OBJC_WEAK = YES;
				CLANG_WARN_BLOCK_CAPTURE_AUTORELEASING = YES;
				CLANG_WARN_BOOL_CONVERSION = YES;
				CLANG_WARN_COMMA = YES;
				CLANG_WARN_CONSTANT_CONVERSION = YES;
				CLANG_WARN_DEPRECATED_OBJC_IMPLEMENTATIONS = YES;
				CLANG_WARN_DIRECT_OBJC_ISA_USAGE = YES_ERROR;
				CLANG_WARN_DOCUMENTATION_COMMENTS = YES;
				CLANG_WARN_EMPTY_BODY = YES;
				CLANG_WARN_ENUM_CONVERSION = YES;
				CLANG_WARN_INFINITE_RECURSION = YES;
				CLANG_WARN_INT_CONVERSION = YES;
				CLANG_WARN_NON_LITERAL_NULL_CONVERSION = YES;
				CLANG_WARN_OBJC_IMPLICIT_RETAIN_SELF = YES;
				CLANG_WARN_OBJC_LITERAL_CONVERSION = YES;
				CLANG_WARN_OBJC_ROOT_CLASS = YES_ERROR;
				CLANG_WARN_QUOTED_INCLUDE_IN_FRAMEWORK_HEADER = YES;
				CLANG_WARN_RANGE_LOOP_ANALYSIS = YES;
				CLANG_WARN_STRICT_PROTOTYPES = YES;
				CLANG_WARN_SUSPICIOUS_MOVE = YES;
				CLANG_WARN_UNGUARDED_AVAILABILITY = YES_AGGRESSIVE;
				CLANG_WARN_UNREACHABLE_CODE = YES;
				CLANG_WARN__DUPLICATE_METHOD_MATCH = YES;
				COPY_PHASE_STRIP = NO;
				DEBUG_INFORMATION_FORMAT = "dwarf-with-dsym";
				ENABLE_NS_ASSERTIONS = NO;
				ENABLE_STRICT_OBJC_MSGSEND = YES;
				GCC_C_LANGUAGE_STANDARD = gnu11;
				GCC_NO_COMMON_BLOCKS = YES;
				GCC_WARN_64_TO_32_BIT_CONVERSION = YES;
				GCC_WARN_ABOUT_RETURN_TYPE = YES_ERROR;
				GCC_WARN_UNDECLARED_SELECTOR = YES;
				GCC_WARN_UNINITIALIZED_AUTOS = YES_AGGRESSIVE;
				GCC_WARN_UNUSED_FUNCTION = YES;
				GCC_WARN_UNUSED_VARIABLE = YES;
				IPHONEOS_DEPLOYMENT_TARGET = 15.0;
				MTL_ENABLE_DEBUG_INFO = NO;
				MTL_FAST_MATH = YES;
				SDKROOT = iphoneos;
				SWIFT_COMPILATION_MODE = wholemodule;
				SWIFT_OPTIMIZATION_LEVEL = "-O";
				VALIDATE_PRODUCT = YES;
			};
			name = Release;
		};
		274CE2A529E6D793007C703D /* Debug */ = {
			isa = XCBuildConfiguration;
			buildSettings = {
				ASSETCATALOG_COMPILER_APPICON_NAME = AppIcon;
				ASSETCATALOG_COMPILER_GLOBAL_ACCENT_COLOR_NAME = AccentColor;
				CODE_SIGN_STYLE = Automatic;
				CURRENT_PROJECT_VERSION = 1;
				DEVELOPMENT_ASSET_PATHS = "\"Flor Shop/Preview Content\"";
				DEVELOPMENT_TEAM = 9TAXVQDQJU;
				ENABLE_PREVIEWS = YES;
				GENERATE_INFOPLIST_FILE = YES;
				INFOPLIST_KEY_UIApplicationSceneManifest_Generation = YES;
				INFOPLIST_KEY_UIApplicationSupportsIndirectInputEvents = YES;
				INFOPLIST_KEY_UILaunchScreen_Generation = YES;
				INFOPLIST_KEY_UIStatusBarStyle = "";
				INFOPLIST_KEY_UISupportedInterfaceOrientations = UIInterfaceOrientationPortrait;
				INFOPLIST_KEY_UISupportedInterfaceOrientations_iPad = "UIInterfaceOrientationLandscapeLeft UIInterfaceOrientationLandscapeRight UIInterfaceOrientationPortrait UIInterfaceOrientationPortraitUpsideDown";
				IPHONEOS_DEPLOYMENT_TARGET = 15.0;
				LD_RUNPATH_SEARCH_PATHS = (
					"$(inherited)",
					"@executable_path/Frameworks",
				);
				MARKETING_VERSION = 1.0;
				PRODUCT_BUNDLE_IDENTIFIER = MrProFox.FlorShop;
				PRODUCT_NAME = "$(TARGET_NAME)";
				SUPPORTED_PLATFORMS = "iphoneos iphonesimulator";
				SUPPORTS_MACCATALYST = NO;
				SUPPORTS_MAC_DESIGNED_FOR_IPHONE_IPAD = NO;
				SWIFT_EMIT_LOC_STRINGS = YES;
				SWIFT_VERSION = 5.0;
				TARGETED_DEVICE_FAMILY = 1;
			};
			name = Debug;
		};
		274CE2A629E6D793007C703D /* Release */ = {
			isa = XCBuildConfiguration;
			buildSettings = {
				ASSETCATALOG_COMPILER_APPICON_NAME = AppIcon;
				ASSETCATALOG_COMPILER_GLOBAL_ACCENT_COLOR_NAME = AccentColor;
				CODE_SIGN_STYLE = Automatic;
				CURRENT_PROJECT_VERSION = 1;
				DEVELOPMENT_ASSET_PATHS = "\"Flor Shop/Preview Content\"";
				DEVELOPMENT_TEAM = 9TAXVQDQJU;
				ENABLE_PREVIEWS = YES;
				GENERATE_INFOPLIST_FILE = YES;
				INFOPLIST_KEY_UIApplicationSceneManifest_Generation = YES;
				INFOPLIST_KEY_UIApplicationSupportsIndirectInputEvents = YES;
				INFOPLIST_KEY_UILaunchScreen_Generation = YES;
				INFOPLIST_KEY_UIStatusBarStyle = "";
				INFOPLIST_KEY_UISupportedInterfaceOrientations = UIInterfaceOrientationPortrait;
				INFOPLIST_KEY_UISupportedInterfaceOrientations_iPad = "UIInterfaceOrientationLandscapeLeft UIInterfaceOrientationLandscapeRight UIInterfaceOrientationPortrait UIInterfaceOrientationPortraitUpsideDown";
				IPHONEOS_DEPLOYMENT_TARGET = 15.0;
				LD_RUNPATH_SEARCH_PATHS = (
					"$(inherited)",
					"@executable_path/Frameworks",
				);
				MARKETING_VERSION = 1.0;
				PRODUCT_BUNDLE_IDENTIFIER = MrProFox.FlorShop;
				PRODUCT_NAME = "$(TARGET_NAME)";
				SUPPORTED_PLATFORMS = "iphoneos iphonesimulator";
				SUPPORTS_MACCATALYST = NO;
				SUPPORTS_MAC_DESIGNED_FOR_IPHONE_IPAD = NO;
				SWIFT_EMIT_LOC_STRINGS = YES;
				SWIFT_VERSION = 5.0;
				TARGETED_DEVICE_FAMILY = 1;
			};
			name = Release;
		};
/* End XCBuildConfiguration section */

/* Begin XCConfigurationList section */
		274CE29129E6D792007C703D /* Build configuration list for PBXProject "Flor Shop" */ = {
			isa = XCConfigurationList;
			buildConfigurations = (
				274CE2A229E6D793007C703D /* Debug */,
				274CE2A329E6D793007C703D /* Release */,
			);
			defaultConfigurationIsVisible = 0;
			defaultConfigurationName = Release;
		};
		274CE2A429E6D793007C703D /* Build configuration list for PBXNativeTarget "Flor Shop" */ = {
			isa = XCConfigurationList;
			buildConfigurations = (
				274CE2A529E6D793007C703D /* Debug */,
				274CE2A629E6D793007C703D /* Release */,
			);
			defaultConfigurationIsVisible = 0;
			defaultConfigurationName = Release;
		};
/* End XCConfigurationList section */

/* Begin XCVersionGroup section */
		27C318D229F2FA45004CC146 /* BDFlor.xcdatamodeld */ = {
			isa = XCVersionGroup;
			children = (
				27C318D329F2FA45004CC146 /* BDFlor.xcdatamodel */,
			);
			currentVersion = 27C318D329F2FA45004CC146 /* BDFlor.xcdatamodel */;
			path = BDFlor.xcdatamodeld;
			sourceTree = "<group>";
			versionGroupType = wrapper.xcdatamodel;
		};
/* End XCVersionGroup section */
	};
	rootObject = 274CE28E29E6D792007C703D /* Project object */;
}
