// !$*UTF8*$!
{
	archiveVersion = 1;
	classes = {
	};
	objectVersion = 56;
	objects = {

/* Begin PBXBuildFile section */
		2702C9D62ADACCFA008DBF66 /* AddCustomerView.swift in Sources */ = {isa = PBXBuildFile; fileRef = 2702C9D52ADACCFA008DBF66 /* AddCustomerView.swift */; };
		2702C9D82ADACF8E008DBF66 /* AddCustomerViewModel.swift in Sources */ = {isa = PBXBuildFile; fileRef = 2702C9D72ADACF8E008DBF66 /* AddCustomerViewModel.swift */; };
		2705BC412B77D0D900A0CD42 /* SalesTopBar.swift in Sources */ = {isa = PBXBuildFile; fileRef = 2705BC402B77D0D900A0CD42 /* SalesTopBar.swift */; };
		2705BC442B77D1FE00A0CD42 /* SalesEnums.swift in Sources */ = {isa = PBXBuildFile; fileRef = 2705BC432B77D1FE00A0CD42 /* SalesEnums.swift */; };
		270930A22B46F4C300BDF3CD /* RemoteProductManager.swift in Sources */ = {isa = PBXBuildFile; fileRef = 270930A12B46F4C300BDF3CD /* RemoteProductManager.swift */; };
		270B71CD2BBB8202002D79D6 /* OptimizeLocalImages.swift in Sources */ = {isa = PBXBuildFile; fileRef = 270B71CC2BBB8202002D79D6 /* OptimizeLocalImages.swift */; };
		2715F2FF2A31482F00D3C918 /* AgregarTopBar.swift in Sources */ = {isa = PBXBuildFile; fileRef = 2715F2FE2A31482F00D3C918 /* AgregarTopBar.swift */; };
		271A7E1529F0FA3300BBAEA3 /* ImageProductNetworkViewModel.swift in Sources */ = {isa = PBXBuildFile; fileRef = 271A7E1429F0FA3300BBAEA3 /* ImageProductNetworkViewModel.swift */; };
		271BA1552A58799800572674 /* AgregarViewModel.swift in Sources */ = {isa = PBXBuildFile; fileRef = 271BA1542A58799800572674 /* AgregarViewModel.swift */; };
		272066802A094D6A00E0CCA8 /* SalesViewModel.swift in Sources */ = {isa = PBXBuildFile; fileRef = 2720667F2A094D6A00E0CCA8 /* SalesViewModel.swift */; };
		272559382A8ACBFF008896C8 /* FirebaseSesionManagement.swift in Sources */ = {isa = PBXBuildFile; fileRef = 272559372A8ACBFF008896C8 /* FirebaseSesionManagement.swift */; };
		2728EAAA2A1B0B89002B534A /* LocalCartManager.swift in Sources */ = {isa = PBXBuildFile; fileRef = 2728EAA92A1B0B89002B534A /* LocalCartManager.swift */; };
		2728EAAC2A1B0BA4002B534A /* LocalSaleManager.swift in Sources */ = {isa = PBXBuildFile; fileRef = 2728EAAB2A1B0BA4002B534A /* LocalSaleManager.swift */; };
		2728EAAE2A1B0BC2002B534A /* SaleRepositoryImpl.swift in Sources */ = {isa = PBXBuildFile; fileRef = 2728EAAD2A1B0BC2002B534A /* SaleRepositoryImpl.swift */; };
		2728EAB02A1B0BD5002B534A /* CarRepositoryImpl.swift in Sources */ = {isa = PBXBuildFile; fileRef = 2728EAAF2A1B0BD5002B534A /* CarRepositoryImpl.swift */; };
		2728EAB22A1B0E02002B534A /* Car.swift in Sources */ = {isa = PBXBuildFile; fileRef = 2728EAB12A1B0E02002B534A /* Car.swift */; };
		2728EAB42A1B0E0D002B534A /* Sale.swift in Sources */ = {isa = PBXBuildFile; fileRef = 2728EAB32A1B0E0D002B534A /* Sale.swift */; };
		2731F0B72A956BC800F6E5E0 /* LogInViewModel.swift in Sources */ = {isa = PBXBuildFile; fileRef = 2731F0B62A956BC800F6E5E0 /* LogInViewModel.swift */; };
		2731F0B92A956BF900F6E5E0 /* RegistrationViewModel.swift in Sources */ = {isa = PBXBuildFile; fileRef = 2731F0B82A956BF900F6E5E0 /* RegistrationViewModel.swift */; };
		2733AF632ACB934800BF8531 /* CustomersView.swift in Sources */ = {isa = PBXBuildFile; fileRef = 2733AF622ACB934800BF8531 /* CustomersView.swift */; };
		2733AF652ACB942E00BF8531 /* CustomerViewModel.swift in Sources */ = {isa = PBXBuildFile; fileRef = 2733AF642ACB942E00BF8531 /* CustomerViewModel.swift */; };
		2734B2342A300FF2003EA365 /* CustomHideKeyboard.swift in Sources */ = {isa = PBXBuildFile; fileRef = 2734B2332A300FF2003EA365 /* CustomHideKeyboard.swift */; };
		273576782B1F477B00E9CF12 /* GetProductsInCartUseCase.swift in Sources */ = {isa = PBXBuildFile; fileRef = 273576772B1F477B00E9CF12 /* GetProductsInCartUseCase.swift */; };
		2735767A2B1F48E500E9CF12 /* GetCartUseCase.swift in Sources */ = {isa = PBXBuildFile; fileRef = 273576792B1F48E500E9CF12 /* GetCartUseCase.swift */; };
		2735767D2B1F4A2C00E9CF12 /* DeleteCartDetailUseCase.swift in Sources */ = {isa = PBXBuildFile; fileRef = 2735767C2B1F4A2C00E9CF12 /* DeleteCartDetailUseCase.swift */; };
		2735767F2B1F4AD700E9CF12 /* AddProductoToCartUseCase.swift in Sources */ = {isa = PBXBuildFile; fileRef = 2735767E2B1F4AD700E9CF12 /* AddProductoToCartUseCase.swift */; };
		273576812B1F4BAE00E9CF12 /* EmptyCartUseCase.swift in Sources */ = {isa = PBXBuildFile; fileRef = 273576802B1F4BAE00E9CF12 /* EmptyCartUseCase.swift */; };
		273576832B1F500600E9CF12 /* IncreaceProductInCartUseCase.swift in Sources */ = {isa = PBXBuildFile; fileRef = 273576822B1F500600E9CF12 /* IncreaceProductInCartUseCase.swift */; };
		273576852B1F507A00E9CF12 /* DecreaceProductInCartUseCase.swift in Sources */ = {isa = PBXBuildFile; fileRef = 273576842B1F507A00E9CF12 /* DecreaceProductInCartUseCase.swift */; };
		273576872B1F71F800E9CF12 /* RegisterSaleUseCase.swift in Sources */ = {isa = PBXBuildFile; fileRef = 273576862B1F71F800E9CF12 /* RegisterSaleUseCase.swift */; };
		273576892B1F72CE00E9CF12 /* GetSalesUseCase.swift in Sources */ = {isa = PBXBuildFile; fileRef = 273576882B1F72CE00E9CF12 /* GetSalesUseCase.swift */; };
		2735768B2B1F83CD00E9CF12 /* GetEmployeesUseCase.swift in Sources */ = {isa = PBXBuildFile; fileRef = 2735768A2B1F83CD00E9CF12 /* GetEmployeesUseCase.swift */; };
		2735768D2B1F860D00E9CF12 /* GetCustomersUseCase.swift in Sources */ = {isa = PBXBuildFile; fileRef = 2735768C2B1F860D00E9CF12 /* GetCustomersUseCase.swift */; };
		2735768F2B1F8CE700E9CF12 /* SaveCustomerUseCase.swift in Sources */ = {isa = PBXBuildFile; fileRef = 2735768E2B1F8CE700E9CF12 /* SaveCustomerUseCase.swift */; };
		2735D45D2B21E28000C892AF /* SalesView.swift in Sources */ = {isa = PBXBuildFile; fileRef = 2735D45C2B21E28000C892AF /* SalesView.swift */; };
		2735D4602B21EBBE00C892AF /* GetSalesDetailsUseCase.swift in Sources */ = {isa = PBXBuildFile; fileRef = 2735D45F2B21EBBE00C892AF /* GetSalesDetailsUseCase.swift */; };
		2737740E2A97E58F004C0BD1 /* MenuView.swift in Sources */ = {isa = PBXBuildFile; fileRef = 2737740D2A97E58F004C0BD1 /* MenuView.swift */; };
		273774102A980781004C0BD1 /* CustomBackButton.swift in Sources */ = {isa = PBXBuildFile; fileRef = 2737740F2A980781004C0BD1 /* CustomBackButton.swift */; };
		2737E57E2AF6FD6900179D51 /* UploadOptionsView.swift in Sources */ = {isa = PBXBuildFile; fileRef = 2737E57D2AF6FD6900179D51 /* UploadOptionsView.swift */; };
		27395AC02A8463F100A91420 /* CustomTextField.swift in Sources */ = {isa = PBXBuildFile; fileRef = 27395ABF2A8463F100A91420 /* CustomTextField.swift */; };
		273BD5DF2A4B4493001C1C03 /* Notification.swift in Sources */ = {isa = PBXBuildFile; fileRef = 273BD5DE2A4B4493001C1C03 /* Notification.swift */; };
		273E638E2A897ACF0048DC44 /* PointOfSaleView.swift in Sources */ = {isa = PBXBuildFile; fileRef = 273E638D2A897ACF0048DC44 /* PointOfSaleView.swift */; };
		2748918C2AD7063E004D6C6C /* CustomerTopBar.swift in Sources */ = {isa = PBXBuildFile; fileRef = 2748918B2AD7063E004D6C6C /* CustomerTopBar.swift */; };
		2748918E2AD707B3004D6C6C /* CustomersEnums.swift in Sources */ = {isa = PBXBuildFile; fileRef = 2748918D2AD707B3004D6C6C /* CustomersEnums.swift */; };
		274960A22AD4933000BC257B /* PaymentView.swift in Sources */ = {isa = PBXBuildFile; fileRef = 274960A12AD4933000BC257B /* PaymentView.swift */; };
		274960A62AD4966300BC257B /* PaymentTopBar.swift in Sources */ = {isa = PBXBuildFile; fileRef = 274960A52AD4966300BC257B /* PaymentTopBar.swift */; };
		274AE3632A8E917B005FFAEC /* CompanyViewModel.swift in Sources */ = {isa = PBXBuildFile; fileRef = 274AE3622A8E917B005FFAEC /* CompanyViewModel.swift */; };
		274C65A12AC48A3200B778A2 /* EmployeeView.swift in Sources */ = {isa = PBXBuildFile; fileRef = 274C65A02AC48A3200B778A2 /* EmployeeView.swift */; };
		274C65A52AC48B4800B778A2 /* EmployeeViewModel.swift in Sources */ = {isa = PBXBuildFile; fileRef = 274C65A42AC48B4800B778A2 /* EmployeeViewModel.swift */; };
		274CE29A29E6D792007C703D /* FlorShopApp.swift in Sources */ = {isa = PBXBuildFile; fileRef = 274CE29929E6D792007C703D /* FlorShopApp.swift */; };
		274CE29C29E6D792007C703D /* ProductView.swift in Sources */ = {isa = PBXBuildFile; fileRef = 274CE29B29E6D792007C703D /* ProductView.swift */; };
		274CE29E29E6D793007C703D /* Assets.xcassets in Resources */ = {isa = PBXBuildFile; fileRef = 274CE29D29E6D793007C703D /* Assets.xcassets */; };
		274CE2A129E6D793007C703D /* Preview Assets.xcassets in Resources */ = {isa = PBXBuildFile; fileRef = 274CE2A029E6D793007C703D /* Preview Assets.xcassets */; };
		2776A2F02A86F35500410674 /* ProductsEnums.swift in Sources */ = {isa = PBXBuildFile; fileRef = 2776A2EF2A86F35500410674 /* ProductsEnums.swift */; };
		2777D77C2B1EF408003C2FCA /* SaveProductUseCase.swift in Sources */ = {isa = PBXBuildFile; fileRef = 2777D77B2B1EF408003C2FCA /* SaveProductUseCase.swift */; };
		2777DB1C2B55DC1A00F6CAC3 /* BD_Flor_Shop.csv in Resources */ = {isa = PBXBuildFile; fileRef = 2777DB1B2B55DC1A00F6CAC3 /* BD_Flor_Shop.csv */; };
		278142082AC333A60093B402 /* CartViews.swift in Sources */ = {isa = PBXBuildFile; fileRef = 278142072AC333A60093B402 /* CartViews.swift */; };
		2786CA1B2A6D44CC00A80585 /* Fail1.mp3 in Resources */ = {isa = PBXBuildFile; fileRef = 2786CA192A6D44CC00A80585 /* Fail1.mp3 */; };
		2786CA1C2A6D44CC00A80585 /* Success1.mp3 in Resources */ = {isa = PBXBuildFile; fileRef = 2786CA1A2A6D44CC00A80585 /* Success1.mp3 */; };
		279C64882A8D7880003B29BC /* SubsidiaryRepositoryImpl.swift in Sources */ = {isa = PBXBuildFile; fileRef = 279C64872A8D7880003B29BC /* SubsidiaryRepositoryImpl.swift */; };
		279C648A2A8D78B8003B29BC /* CompanyRepositoryImpl.swift in Sources */ = {isa = PBXBuildFile; fileRef = 279C64892A8D78B8003B29BC /* CompanyRepositoryImpl.swift */; };
		279C648E2A8D78FF003B29BC /* LocalSubsidiaryManager.swift in Sources */ = {isa = PBXBuildFile; fileRef = 279C648D2A8D78FF003B29BC /* LocalSubsidiaryManager.swift */; };
		279C64902A8D7912003B29BC /* LocalCompanyManager.swift in Sources */ = {isa = PBXBuildFile; fileRef = 279C648F2A8D7912003B29BC /* LocalCompanyManager.swift */; };
		279C64942A8D796D003B29BC /* EmployeeRepositoryImpl.swift in Sources */ = {isa = PBXBuildFile; fileRef = 279C64932A8D796D003B29BC /* EmployeeRepositoryImpl.swift */; };
		279C64962A8D798A003B29BC /* CustomerRepositoryImpl.swift in Sources */ = {isa = PBXBuildFile; fileRef = 279C64952A8D798A003B29BC /* CustomerRepositoryImpl.swift */; };
		279C64982A8D89A2003B29BC /* LocalEmployeeManager.swift in Sources */ = {isa = PBXBuildFile; fileRef = 279C64972A8D89A2003B29BC /* LocalEmployeeManager.swift */; };
		279C649A2A8D89BB003B29BC /* LocalCustomerManager.swift in Sources */ = {isa = PBXBuildFile; fileRef = 279C64992A8D89BB003B29BC /* LocalCustomerManager.swift */; };
		279C649E2A8D9488003B29BC /* Company.swift in Sources */ = {isa = PBXBuildFile; fileRef = 279C649D2A8D9488003B29BC /* Company.swift */; };
		279C64A02A8D9539003B29BC /* Subsidiary.swift in Sources */ = {isa = PBXBuildFile; fileRef = 279C649F2A8D9539003B29BC /* Subsidiary.swift */; };
		279C64A22A8D961B003B29BC /* ImageUrl.swift in Sources */ = {isa = PBXBuildFile; fileRef = 279C64A12A8D961B003B29BC /* ImageUrl.swift */; };
		279C64A42A8D977C003B29BC /* Employee.swift in Sources */ = {isa = PBXBuildFile; fileRef = 279C64A32A8D977C003B29BC /* Employee.swift */; };
		279C64A62A8D97E1003B29BC /* Customer.swift in Sources */ = {isa = PBXBuildFile; fileRef = 279C64A52A8D97E1003B29BC /* Customer.swift */; };
		279C64A82A8D9823003B29BC /* SaleDetail.swift in Sources */ = {isa = PBXBuildFile; fileRef = 279C64A72A8D9823003B29BC /* SaleDetail.swift */; };
		279D1FB32BB5E94C00BCBBA8 /* PayClientDebtUseCase.swift in Sources */ = {isa = PBXBuildFile; fileRef = 279D1FB22BB5E94C00BCBBA8 /* PayClientDebtUseCase.swift */; };
		279EF9D52A9124C500F97CB1 /* AgregarView.swift in Sources */ = {isa = PBXBuildFile; fileRef = 279EF9D42A9124C500F97CB1 /* AgregarView.swift */; };
		279EF9D72A9125C300F97CB1 /* FuncOpenGoogle.swift in Sources */ = {isa = PBXBuildFile; fileRef = 279EF9D62A9125C300F97CB1 /* FuncOpenGoogle.swift */; };
		27A6EF202ACC84C100F4D178 /* Extensions.swift in Sources */ = {isa = PBXBuildFile; fileRef = 27A6EF1F2ACC84C100F4D178 /* Extensions.swift */; };
		27B2DCC12A353EA00042485D /* CustomAsyncImageView.swift in Sources */ = {isa = PBXBuildFile; fileRef = 27B2DCC02A353EA00042485D /* CustomAsyncImageView.swift */; };
		27B3936C29F73B510085D4EC /* CustomTabBar.swift in Sources */ = {isa = PBXBuildFile; fileRef = 27B3936B29F73B510085D4EC /* CustomTabBar.swift */; };
		27B3936E29F74E4B0085D4EC /* MainView.swift in Sources */ = {isa = PBXBuildFile; fileRef = 27B3936D29F74E4B0085D4EC /* MainView.swift */; };
		27B3937029F7575C0085D4EC /* SearchTopBar.swift in Sources */ = {isa = PBXBuildFile; fileRef = 27B3936F29F7575C0085D4EC /* SearchTopBar.swift */; };
		27BA28192A79BF46008F3F08 /* Artifika-Regular.ttf in Resources */ = {isa = PBXBuildFile; fileRef = 27BA28182A79BF46008F3F08 /* Artifika-Regular.ttf */; };
		27BA281B2A79CA67008F3F08 /* PopoverHelp.swift in Sources */ = {isa = PBXBuildFile; fileRef = 27BA281A2A79CA67008F3F08 /* PopoverHelp.swift */; };
		27C241FC2A008CB50045B2A0 /* ProductViewModel.swift in Sources */ = {isa = PBXBuildFile; fileRef = 27C241FB2A008CB50045B2A0 /* ProductViewModel.swift */; };
		27C241FF2A00A89C0045B2A0 /* CartViewModel.swift in Sources */ = {isa = PBXBuildFile; fileRef = 27C241FE2A00A89C0045B2A0 /* CartViewModel.swift */; };
		27C318D429F2FA45004CC146 /* BDFlor.xcdatamodeld in Sources */ = {isa = PBXBuildFile; fileRef = 27C318D229F2FA45004CC146 /* BDFlor.xcdatamodeld */; };
		27C318E229F34498004CC146 /* DefaultTopBar.swift in Sources */ = {isa = PBXBuildFile; fileRef = 27C318E129F34498004CC146 /* DefaultTopBar.swift */; };
		27C7B9D32A60CEC600CA2818 /* OnboardingView.swift in Sources */ = {isa = PBXBuildFile; fileRef = 27C7B9D22A60CEC600CA2818 /* OnboardingView.swift */; };
		27C7B9D62A60F99400CA2818 /* OnboardViewModel.swift in Sources */ = {isa = PBXBuildFile; fileRef = 27C7B9D52A60F99400CA2818 /* OnboardViewModel.swift */; };
		27CB99C52A3354F60083CAB7 /* CustomButtons.swift in Sources */ = {isa = PBXBuildFile; fileRef = 27CB99C42A3354F60083CAB7 /* CustomButtons.swift */; };
		27CC2DFD2A881B93000EDB64 /* WelcomeView.swift in Sources */ = {isa = PBXBuildFile; fileRef = 27CC2DFC2A881B93000EDB64 /* WelcomeView.swift */; };
		27CC2DFF2A881BA1000EDB64 /* LogInView.swift in Sources */ = {isa = PBXBuildFile; fileRef = 27CC2DFE2A881BA1000EDB64 /* LogInView.swift */; };
		27CC2E012A881BB8000EDB64 /* CreateAccountView.swift in Sources */ = {isa = PBXBuildFile; fileRef = 27CC2E002A881BB8000EDB64 /* CreateAccountView.swift */; };
		27CC2E092A883C1C000EDB64 /* SideMenuView.swift in Sources */ = {isa = PBXBuildFile; fileRef = 27CC2E082A883C1B000EDB64 /* SideMenuView.swift */; };
		27CC2E0B2A8844EA000EDB64 /* TabButton.swift in Sources */ = {isa = PBXBuildFile; fileRef = 27CC2E0A2A8844EA000EDB64 /* TabButton.swift */; };
		27CC2E0D2A884C66000EDB64 /* CustomCorners.swift in Sources */ = {isa = PBXBuildFile; fileRef = 27CC2E0C2A884C66000EDB64 /* CustomCorners.swift */; };
		27D2564B2ADB0087004FB365 /* AddCustomerTopBar.swift in Sources */ = {isa = PBXBuildFile; fileRef = 27D2564A2ADB0087004FB365 /* AddCustomerTopBar.swift */; };
		27D2564D2ADB11DE004FB365 /* PaymentEnums.swift in Sources */ = {isa = PBXBuildFile; fileRef = 27D2564C2ADB11DE004FB365 /* PaymentEnums.swift */; };
		27DF03812BBCF55F00FAE215 /* LogOutUseCase.swift in Sources */ = {isa = PBXBuildFile; fileRef = 27DF03802BBCF55F00FAE215 /* LogOutUseCase.swift */; };
		27E113472A992B4C0027728A /* LocalImageManager.swift in Sources */ = {isa = PBXBuildFile; fileRef = 27E113462A992B4C0027728A /* LocalImageManager.swift */; };
		27E7A51C2A1D18570042983D /* CartDetail.swift in Sources */ = {isa = PBXBuildFile; fileRef = 27E7A51B2A1D18570042983D /* CartDetail.swift */; };
		27E9FD1E2A582C710070216B /* GoogleService-Info.plist in Resources */ = {isa = PBXBuildFile; fileRef = 27E9FD1D2A582C710070216B /* GoogleService-Info.plist */; };
		27E9FD212A582DDB0070216B /* FirebaseAnalytics in Frameworks */ = {isa = PBXBuildFile; productRef = 27E9FD202A582DDB0070216B /* FirebaseAnalytics */; };
		27E9FD232A582DDB0070216B /* FirebaseAnalyticsSwift in Frameworks */ = {isa = PBXBuildFile; productRef = 27E9FD222A582DDB0070216B /* FirebaseAnalyticsSwift */; };
		27E9FD252A582DDB0070216B /* FirebaseAuth in Frameworks */ = {isa = PBXBuildFile; productRef = 27E9FD242A582DDB0070216B /* FirebaseAuth */; };
		27E9FD272A582DDB0070216B /* FirebaseCrashlytics in Frameworks */ = {isa = PBXBuildFile; productRef = 27E9FD262A582DDB0070216B /* FirebaseCrashlytics */; };
		27E9FD292A582DDB0070216B /* FirebaseFirestore in Frameworks */ = {isa = PBXBuildFile; productRef = 27E9FD282A582DDB0070216B /* FirebaseFirestore */; };
		27E9FD2B2A582DDB0070216B /* FirebaseFirestoreSwift in Frameworks */ = {isa = PBXBuildFile; productRef = 27E9FD2A2A582DDB0070216B /* FirebaseFirestoreSwift */; };
		27E9FD2D2A582DDB0070216B /* FirebaseStorage in Frameworks */ = {isa = PBXBuildFile; productRef = 27E9FD2C2A582DDB0070216B /* FirebaseStorage */; };
		27E9FD302A5835CA0070216B /* FirebaseApp.swift in Sources */ = {isa = PBXBuildFile; fileRef = 27E9FD2F2A5835CA0070216B /* FirebaseApp.swift */; };
		27E9FD332A5838430070216B /* FirebaseDatabase in Frameworks */ = {isa = PBXBuildFile; productRef = 27E9FD322A5838430070216B /* FirebaseDatabase */; };
		27E9FD352A5838430070216B /* FirebaseDatabaseSwift in Frameworks */ = {isa = PBXBuildFile; productRef = 27E9FD342A5838430070216B /* FirebaseDatabaseSwift */; };
		27E9FD372A583AB30070216B /* VersionLockView.swift in Sources */ = {isa = PBXBuildFile; fileRef = 27E9FD362A583AB30070216B /* VersionLockView.swift */; };
		27EBAFE62A59A2CB006E5CAD /* LaunchScreenView.swift in Sources */ = {isa = PBXBuildFile; fileRef = 27EBAFE52A59A2CB006E5CAD /* LaunchScreenView.swift */; };
		27EBAFE82A59B52E006E5CAD /* LockScreenView.swift in Sources */ = {isa = PBXBuildFile; fileRef = 27EBAFE72A59B52E006E5CAD /* LockScreenView.swift */; };
		27F2F4532B1DE605003E4197 /* Dependencies.swift in Sources */ = {isa = PBXBuildFile; fileRef = 27F2F4522B1DE605003E4197 /* Dependencies.swift */; };
		27F2F4892B1DFABA003E4197 /* GetProductsUseCase.swift in Sources */ = {isa = PBXBuildFile; fileRef = 27F2F4882B1DFABA003E4197 /* GetProductsUseCase.swift */; };
		27F2F48B2B1E0869003E4197 /* CreateCompanyUseCase.swift in Sources */ = {isa = PBXBuildFile; fileRef = 27F2F48A2B1E0869003E4197 /* CreateCompanyUseCase.swift */; };
		27F2F48E2B1E0E6C003E4197 /* CreateSubsidiaryUseCase.swift in Sources */ = {isa = PBXBuildFile; fileRef = 27F2F48D2B1E0E6C003E4197 /* CreateSubsidiaryUseCase.swift */; };
		27F2F4902B1E0E82003E4197 /* CreateEmployeeUseCase.swift in Sources */ = {isa = PBXBuildFile; fileRef = 27F2F48F2B1E0E82003E4197 /* CreateEmployeeUseCase.swift */; };
		27F2F4932B1E1284003E4197 /* SetDefaultCompanyUseCase.swift in Sources */ = {isa = PBXBuildFile; fileRef = 27F2F4922B1E1284003E4197 /* SetDefaultCompanyUseCase.swift */; };
		27F2F4952B1E1463003E4197 /* SetDefaultSubsidiaryUseCase.swift in Sources */ = {isa = PBXBuildFile; fileRef = 27F2F4942B1E1463003E4197 /* SetDefaultSubsidiaryUseCase.swift */; };
		27F2F4972B1E14CD003E4197 /* SetDefaultEmployeeUseCase.swift in Sources */ = {isa = PBXBuildFile; fileRef = 27F2F4962B1E14CD003E4197 /* SetDefaultEmployeeUseCase.swift */; };
		27F2F4992B1E15A5003E4197 /* RegisterUserUseCase.swift in Sources */ = {isa = PBXBuildFile; fileRef = 27F2F4982B1E15A5003E4197 /* RegisterUserUseCase.swift */; };
		27F2F49B2B1E2338003E4197 /* LogInUseCase.swift in Sources */ = {isa = PBXBuildFile; fileRef = 27F2F49A2B1E2338003E4197 /* LogInUseCase.swift */; };
		27F2F49E2B1E297D003E4197 /* GetSubsidiaryUseCase.swift in Sources */ = {isa = PBXBuildFile; fileRef = 27F2F49D2B1E297D003E4197 /* GetSubsidiaryUseCase.swift */; };
		27F2F4A02B1E2AB2003E4197 /* GetCompanyUseCase.swift in Sources */ = {isa = PBXBuildFile; fileRef = 27F2F49F2B1E2AB2003E4197 /* GetCompanyUseCase.swift */; };
		27F321CC2BADF4F200296E50 /* CustomerHistoryTopBar.swift in Sources */ = {isa = PBXBuildFile; fileRef = 27F321CB2BADF4F200296E50 /* CustomerHistoryTopBar.swift */; };
		27F321CE2BADF6CE00296E50 /* CustomerHistoryView.swift in Sources */ = {isa = PBXBuildFile; fileRef = 27F321CD2BADF6CE00296E50 /* CustomerHistoryView.swift */; };
		27F321D02BADFFE100296E50 /* CustomerHistoryViewModel.swift in Sources */ = {isa = PBXBuildFile; fileRef = 27F321CF2BADFFE100296E50 /* CustomerHistoryViewModel.swift */; };
		27F321D32BAE097500296E50 /* GetCustomerSalesUseCase.swift in Sources */ = {isa = PBXBuildFile; fileRef = 27F321D22BAE097500296E50 /* GetCustomerSalesUseCase.swift */; };
		27F54F3229FDE5210083B616 /* CartView.swift in Sources */ = {isa = PBXBuildFile; fileRef = 27F54F3129FDE5210083B616 /* CartView.swift */; };
		27F54F3429FDE6180083B616 /* CartTopBar.swift in Sources */ = {isa = PBXBuildFile; fileRef = 27F54F3329FDE6180083B616 /* CartTopBar.swift */; };
		27F68FBE2AD84EDF00D917FF /* NavManager.swift in Sources */ = {isa = PBXBuildFile; fileRef = 27F68FBD2AD84EDF00D917FF /* NavManager.swift */; };
		68A4B1092A196B7500FC8D9D /* CoreDataProvider.swift in Sources */ = {isa = PBXBuildFile; fileRef = 68A4B1082A196B7500FC8D9D /* CoreDataProvider.swift */; };
		68A4B1102A197BFB00FC8D9D /* ProductRepositoryImpl.swift in Sources */ = {isa = PBXBuildFile; fileRef = 68A4B10F2A197BFB00FC8D9D /* ProductRepositoryImpl.swift */; };
		68A4B1132A19835200FC8D9D /* Product.swift in Sources */ = {isa = PBXBuildFile; fileRef = 68A4B1122A19835200FC8D9D /* Product.swift */; };
		68D990C22A1ADEA700A3A393 /* LocalProductManager.swift in Sources */ = {isa = PBXBuildFile; fileRef = 68D990C12A1ADEA700A3A393 /* LocalProductManager.swift */; };
		68D990C52A1AE98A00A3A393 /* ModelMapper.swift in Sources */ = {isa = PBXBuildFile; fileRef = 68D990C42A1AE98A00A3A393 /* ModelMapper.swift */; };
/* End PBXBuildFile section */

/* Begin PBXFileReference section */
		2702C9D52ADACCFA008DBF66 /* AddCustomerView.swift */ = {isa = PBXFileReference; lastKnownFileType = sourcecode.swift; path = AddCustomerView.swift; sourceTree = "<group>"; };
		2702C9D72ADACF8E008DBF66 /* AddCustomerViewModel.swift */ = {isa = PBXFileReference; lastKnownFileType = sourcecode.swift; path = AddCustomerViewModel.swift; sourceTree = "<group>"; };
		2705BC402B77D0D900A0CD42 /* SalesTopBar.swift */ = {isa = PBXFileReference; lastKnownFileType = sourcecode.swift; path = SalesTopBar.swift; sourceTree = "<group>"; };
		2705BC432B77D1FE00A0CD42 /* SalesEnums.swift */ = {isa = PBXFileReference; lastKnownFileType = sourcecode.swift; path = SalesEnums.swift; sourceTree = "<group>"; };
		270930A12B46F4C300BDF3CD /* RemoteProductManager.swift */ = {isa = PBXFileReference; lastKnownFileType = sourcecode.swift; path = RemoteProductManager.swift; sourceTree = "<group>"; };
		270B71CC2BBB8202002D79D6 /* OptimizeLocalImages.swift */ = {isa = PBXFileReference; lastKnownFileType = sourcecode.swift; path = OptimizeLocalImages.swift; sourceTree = "<group>"; };
		270C3E242A617FDC0086557A /* Flor Shop.entitlements */ = {isa = PBXFileReference; lastKnownFileType = text.plist.entitlements; path = "Flor Shop.entitlements"; sourceTree = "<group>"; };
		2715F2FE2A31482F00D3C918 /* AgregarTopBar.swift */ = {isa = PBXFileReference; lastKnownFileType = sourcecode.swift; path = AgregarTopBar.swift; sourceTree = "<group>"; };
		271A7E1429F0FA3300BBAEA3 /* ImageProductNetworkViewModel.swift */ = {isa = PBXFileReference; lastKnownFileType = sourcecode.swift; path = ImageProductNetworkViewModel.swift; sourceTree = "<group>"; };
		271BA1542A58799800572674 /* AgregarViewModel.swift */ = {isa = PBXFileReference; lastKnownFileType = sourcecode.swift; path = AgregarViewModel.swift; sourceTree = "<group>"; };
		2720667F2A094D6A00E0CCA8 /* SalesViewModel.swift */ = {isa = PBXFileReference; lastKnownFileType = sourcecode.swift; path = SalesViewModel.swift; sourceTree = "<group>"; };
		272559372A8ACBFF008896C8 /* FirebaseSesionManagement.swift */ = {isa = PBXFileReference; lastKnownFileType = sourcecode.swift; path = FirebaseSesionManagement.swift; sourceTree = "<group>"; };
		2728EAA92A1B0B89002B534A /* LocalCartManager.swift */ = {isa = PBXFileReference; lastKnownFileType = sourcecode.swift; path = LocalCartManager.swift; sourceTree = "<group>"; };
		2728EAAB2A1B0BA4002B534A /* LocalSaleManager.swift */ = {isa = PBXFileReference; lastKnownFileType = sourcecode.swift; path = LocalSaleManager.swift; sourceTree = "<group>"; };
		2728EAAD2A1B0BC2002B534A /* SaleRepositoryImpl.swift */ = {isa = PBXFileReference; lastKnownFileType = sourcecode.swift; path = SaleRepositoryImpl.swift; sourceTree = "<group>"; };
		2728EAAF2A1B0BD5002B534A /* CarRepositoryImpl.swift */ = {isa = PBXFileReference; lastKnownFileType = sourcecode.swift; path = CarRepositoryImpl.swift; sourceTree = "<group>"; };
		2728EAB12A1B0E02002B534A /* Car.swift */ = {isa = PBXFileReference; lastKnownFileType = sourcecode.swift; path = Car.swift; sourceTree = "<group>"; };
		2728EAB32A1B0E0D002B534A /* Sale.swift */ = {isa = PBXFileReference; lastKnownFileType = sourcecode.swift; path = Sale.swift; sourceTree = "<group>"; };
		2731F0B62A956BC800F6E5E0 /* LogInViewModel.swift */ = {isa = PBXFileReference; lastKnownFileType = sourcecode.swift; path = LogInViewModel.swift; sourceTree = "<group>"; };
		2731F0B82A956BF900F6E5E0 /* RegistrationViewModel.swift */ = {isa = PBXFileReference; lastKnownFileType = sourcecode.swift; path = RegistrationViewModel.swift; sourceTree = "<group>"; };
		2733AF622ACB934800BF8531 /* CustomersView.swift */ = {isa = PBXFileReference; lastKnownFileType = sourcecode.swift; path = CustomersView.swift; sourceTree = "<group>"; };
		2733AF642ACB942E00BF8531 /* CustomerViewModel.swift */ = {isa = PBXFileReference; lastKnownFileType = sourcecode.swift; path = CustomerViewModel.swift; sourceTree = "<group>"; };
		2734B2332A300FF2003EA365 /* CustomHideKeyboard.swift */ = {isa = PBXFileReference; lastKnownFileType = sourcecode.swift; path = CustomHideKeyboard.swift; sourceTree = "<group>"; };
		273576772B1F477B00E9CF12 /* GetProductsInCartUseCase.swift */ = {isa = PBXFileReference; lastKnownFileType = sourcecode.swift; path = GetProductsInCartUseCase.swift; sourceTree = "<group>"; };
		273576792B1F48E500E9CF12 /* GetCartUseCase.swift */ = {isa = PBXFileReference; lastKnownFileType = sourcecode.swift; path = GetCartUseCase.swift; sourceTree = "<group>"; };
		2735767C2B1F4A2C00E9CF12 /* DeleteCartDetailUseCase.swift */ = {isa = PBXFileReference; lastKnownFileType = sourcecode.swift; path = DeleteCartDetailUseCase.swift; sourceTree = "<group>"; };
		2735767E2B1F4AD700E9CF12 /* AddProductoToCartUseCase.swift */ = {isa = PBXFileReference; lastKnownFileType = sourcecode.swift; path = AddProductoToCartUseCase.swift; sourceTree = "<group>"; };
		273576802B1F4BAE00E9CF12 /* EmptyCartUseCase.swift */ = {isa = PBXFileReference; lastKnownFileType = sourcecode.swift; path = EmptyCartUseCase.swift; sourceTree = "<group>"; };
		273576822B1F500600E9CF12 /* IncreaceProductInCartUseCase.swift */ = {isa = PBXFileReference; lastKnownFileType = sourcecode.swift; path = IncreaceProductInCartUseCase.swift; sourceTree = "<group>"; };
		273576842B1F507A00E9CF12 /* DecreaceProductInCartUseCase.swift */ = {isa = PBXFileReference; lastKnownFileType = sourcecode.swift; path = DecreaceProductInCartUseCase.swift; sourceTree = "<group>"; };
		273576862B1F71F800E9CF12 /* RegisterSaleUseCase.swift */ = {isa = PBXFileReference; lastKnownFileType = sourcecode.swift; path = RegisterSaleUseCase.swift; sourceTree = "<group>"; };
		273576882B1F72CE00E9CF12 /* GetSalesUseCase.swift */ = {isa = PBXFileReference; lastKnownFileType = sourcecode.swift; path = GetSalesUseCase.swift; sourceTree = "<group>"; };
		2735768A2B1F83CD00E9CF12 /* GetEmployeesUseCase.swift */ = {isa = PBXFileReference; lastKnownFileType = sourcecode.swift; path = GetEmployeesUseCase.swift; sourceTree = "<group>"; };
		2735768C2B1F860D00E9CF12 /* GetCustomersUseCase.swift */ = {isa = PBXFileReference; lastKnownFileType = sourcecode.swift; path = GetCustomersUseCase.swift; sourceTree = "<group>"; };
		2735768E2B1F8CE700E9CF12 /* SaveCustomerUseCase.swift */ = {isa = PBXFileReference; lastKnownFileType = sourcecode.swift; path = SaveCustomerUseCase.swift; sourceTree = "<group>"; };
		2735D45C2B21E28000C892AF /* SalesView.swift */ = {isa = PBXFileReference; lastKnownFileType = sourcecode.swift; path = SalesView.swift; sourceTree = "<group>"; };
		2735D45F2B21EBBE00C892AF /* GetSalesDetailsUseCase.swift */ = {isa = PBXFileReference; lastKnownFileType = sourcecode.swift; path = GetSalesDetailsUseCase.swift; sourceTree = "<group>"; };
		2737740D2A97E58F004C0BD1 /* MenuView.swift */ = {isa = PBXFileReference; lastKnownFileType = sourcecode.swift; path = MenuView.swift; sourceTree = "<group>"; };
		2737740F2A980781004C0BD1 /* CustomBackButton.swift */ = {isa = PBXFileReference; lastKnownFileType = sourcecode.swift; path = CustomBackButton.swift; sourceTree = "<group>"; };
		2737E57D2AF6FD6900179D51 /* UploadOptionsView.swift */ = {isa = PBXFileReference; lastKnownFileType = sourcecode.swift; path = UploadOptionsView.swift; sourceTree = "<group>"; };
		27395ABF2A8463F100A91420 /* CustomTextField.swift */ = {isa = PBXFileReference; lastKnownFileType = sourcecode.swift; path = CustomTextField.swift; sourceTree = "<group>"; };
		273BD5DE2A4B4493001C1C03 /* Notification.swift */ = {isa = PBXFileReference; lastKnownFileType = sourcecode.swift; path = Notification.swift; sourceTree = "<group>"; };
		273E638D2A897ACF0048DC44 /* PointOfSaleView.swift */ = {isa = PBXFileReference; lastKnownFileType = sourcecode.swift; path = PointOfSaleView.swift; sourceTree = "<group>"; };
		2748918B2AD7063E004D6C6C /* CustomerTopBar.swift */ = {isa = PBXFileReference; lastKnownFileType = sourcecode.swift; path = CustomerTopBar.swift; sourceTree = "<group>"; };
		2748918D2AD707B3004D6C6C /* CustomersEnums.swift */ = {isa = PBXFileReference; lastKnownFileType = sourcecode.swift; path = CustomersEnums.swift; sourceTree = "<group>"; };
		274960A12AD4933000BC257B /* PaymentView.swift */ = {isa = PBXFileReference; lastKnownFileType = sourcecode.swift; path = PaymentView.swift; sourceTree = "<group>"; };
		274960A52AD4966300BC257B /* PaymentTopBar.swift */ = {isa = PBXFileReference; lastKnownFileType = sourcecode.swift; path = PaymentTopBar.swift; sourceTree = "<group>"; };
		274AE3622A8E917B005FFAEC /* CompanyViewModel.swift */ = {isa = PBXFileReference; lastKnownFileType = sourcecode.swift; path = CompanyViewModel.swift; sourceTree = "<group>"; };
		274C65A02AC48A3200B778A2 /* EmployeeView.swift */ = {isa = PBXFileReference; lastKnownFileType = sourcecode.swift; path = EmployeeView.swift; sourceTree = "<group>"; };
		274C65A42AC48B4800B778A2 /* EmployeeViewModel.swift */ = {isa = PBXFileReference; lastKnownFileType = sourcecode.swift; path = EmployeeViewModel.swift; sourceTree = "<group>"; };
		274CE29629E6D792007C703D /* Flor Shop.app */ = {isa = PBXFileReference; explicitFileType = wrapper.application; includeInIndex = 0; path = "Flor Shop.app"; sourceTree = BUILT_PRODUCTS_DIR; };
		274CE29929E6D792007C703D /* FlorShopApp.swift */ = {isa = PBXFileReference; lastKnownFileType = sourcecode.swift; path = FlorShopApp.swift; sourceTree = "<group>"; };
		274CE29B29E6D792007C703D /* ProductView.swift */ = {isa = PBXFileReference; lastKnownFileType = sourcecode.swift; path = ProductView.swift; sourceTree = "<group>"; };
		274CE29D29E6D793007C703D /* Assets.xcassets */ = {isa = PBXFileReference; lastKnownFileType = folder.assetcatalog; path = Assets.xcassets; sourceTree = "<group>"; };
		274CE2A029E6D793007C703D /* Preview Assets.xcassets */ = {isa = PBXFileReference; lastKnownFileType = folder.assetcatalog; path = "Preview Assets.xcassets"; sourceTree = "<group>"; };
		2776A2EF2A86F35500410674 /* ProductsEnums.swift */ = {isa = PBXFileReference; lastKnownFileType = sourcecode.swift; path = ProductsEnums.swift; sourceTree = "<group>"; };
		2777D77B2B1EF408003C2FCA /* SaveProductUseCase.swift */ = {isa = PBXFileReference; lastKnownFileType = sourcecode.swift; path = SaveProductUseCase.swift; sourceTree = "<group>"; };
		2777DB1B2B55DC1A00F6CAC3 /* BD_Flor_Shop.csv */ = {isa = PBXFileReference; fileEncoding = 4; lastKnownFileType = text; path = BD_Flor_Shop.csv; sourceTree = "<group>"; };
		278142072AC333A60093B402 /* CartViews.swift */ = {isa = PBXFileReference; lastKnownFileType = sourcecode.swift; path = CartViews.swift; sourceTree = "<group>"; };
		2786CA192A6D44CC00A80585 /* Fail1.mp3 */ = {isa = PBXFileReference; lastKnownFileType = audio.mp3; path = Fail1.mp3; sourceTree = "<group>"; };
		2786CA1A2A6D44CC00A80585 /* Success1.mp3 */ = {isa = PBXFileReference; lastKnownFileType = audio.mp3; path = Success1.mp3; sourceTree = "<group>"; };
		279C64872A8D7880003B29BC /* SubsidiaryRepositoryImpl.swift */ = {isa = PBXFileReference; lastKnownFileType = sourcecode.swift; path = SubsidiaryRepositoryImpl.swift; sourceTree = "<group>"; };
		279C64892A8D78B8003B29BC /* CompanyRepositoryImpl.swift */ = {isa = PBXFileReference; lastKnownFileType = sourcecode.swift; path = CompanyRepositoryImpl.swift; sourceTree = "<group>"; };
		279C648D2A8D78FF003B29BC /* LocalSubsidiaryManager.swift */ = {isa = PBXFileReference; lastKnownFileType = sourcecode.swift; path = LocalSubsidiaryManager.swift; sourceTree = "<group>"; };
		279C648F2A8D7912003B29BC /* LocalCompanyManager.swift */ = {isa = PBXFileReference; lastKnownFileType = sourcecode.swift; path = LocalCompanyManager.swift; sourceTree = "<group>"; };
		279C64932A8D796D003B29BC /* EmployeeRepositoryImpl.swift */ = {isa = PBXFileReference; lastKnownFileType = sourcecode.swift; path = EmployeeRepositoryImpl.swift; sourceTree = "<group>"; };
		279C64952A8D798A003B29BC /* CustomerRepositoryImpl.swift */ = {isa = PBXFileReference; lastKnownFileType = sourcecode.swift; path = CustomerRepositoryImpl.swift; sourceTree = "<group>"; };
		279C64972A8D89A2003B29BC /* LocalEmployeeManager.swift */ = {isa = PBXFileReference; lastKnownFileType = sourcecode.swift; path = LocalEmployeeManager.swift; sourceTree = "<group>"; };
		279C64992A8D89BB003B29BC /* LocalCustomerManager.swift */ = {isa = PBXFileReference; lastKnownFileType = sourcecode.swift; path = LocalCustomerManager.swift; sourceTree = "<group>"; };
		279C649D2A8D9488003B29BC /* Company.swift */ = {isa = PBXFileReference; lastKnownFileType = sourcecode.swift; path = Company.swift; sourceTree = "<group>"; };
		279C649F2A8D9539003B29BC /* Subsidiary.swift */ = {isa = PBXFileReference; lastKnownFileType = sourcecode.swift; path = Subsidiary.swift; sourceTree = "<group>"; };
		279C64A12A8D961B003B29BC /* ImageUrl.swift */ = {isa = PBXFileReference; lastKnownFileType = sourcecode.swift; path = ImageUrl.swift; sourceTree = "<group>"; };
		279C64A32A8D977C003B29BC /* Employee.swift */ = {isa = PBXFileReference; lastKnownFileType = sourcecode.swift; path = Employee.swift; sourceTree = "<group>"; };
		279C64A52A8D97E1003B29BC /* Customer.swift */ = {isa = PBXFileReference; lastKnownFileType = sourcecode.swift; path = Customer.swift; sourceTree = "<group>"; };
		279C64A72A8D9823003B29BC /* SaleDetail.swift */ = {isa = PBXFileReference; lastKnownFileType = sourcecode.swift; path = SaleDetail.swift; sourceTree = "<group>"; };
		279D1FB22BB5E94C00BCBBA8 /* PayClientDebtUseCase.swift */ = {isa = PBXFileReference; lastKnownFileType = sourcecode.swift; path = PayClientDebtUseCase.swift; sourceTree = "<group>"; };
		279EF9D42A9124C500F97CB1 /* AgregarView.swift */ = {isa = PBXFileReference; lastKnownFileType = sourcecode.swift; path = AgregarView.swift; sourceTree = "<group>"; };
		279EF9D62A9125C300F97CB1 /* FuncOpenGoogle.swift */ = {isa = PBXFileReference; lastKnownFileType = sourcecode.swift; path = FuncOpenGoogle.swift; sourceTree = "<group>"; };
		27A6EF1F2ACC84C100F4D178 /* Extensions.swift */ = {isa = PBXFileReference; lastKnownFileType = sourcecode.swift; path = Extensions.swift; sourceTree = "<group>"; };
		27B2DCC02A353EA00042485D /* CustomAsyncImageView.swift */ = {isa = PBXFileReference; lastKnownFileType = sourcecode.swift; path = CustomAsyncImageView.swift; sourceTree = "<group>"; };
		27B3936B29F73B510085D4EC /* CustomTabBar.swift */ = {isa = PBXFileReference; lastKnownFileType = sourcecode.swift; path = CustomTabBar.swift; sourceTree = "<group>"; };
		27B3936D29F74E4B0085D4EC /* MainView.swift */ = {isa = PBXFileReference; lastKnownFileType = sourcecode.swift; path = MainView.swift; sourceTree = "<group>"; };
		27B3936F29F7575C0085D4EC /* SearchTopBar.swift */ = {isa = PBXFileReference; lastKnownFileType = sourcecode.swift; path = SearchTopBar.swift; sourceTree = "<group>"; };
		27BA28182A79BF46008F3F08 /* Artifika-Regular.ttf */ = {isa = PBXFileReference; lastKnownFileType = file; path = "Artifika-Regular.ttf"; sourceTree = "<group>"; };
		27BA281A2A79CA67008F3F08 /* PopoverHelp.swift */ = {isa = PBXFileReference; lastKnownFileType = sourcecode.swift; path = PopoverHelp.swift; sourceTree = "<group>"; };
		27C241FB2A008CB50045B2A0 /* ProductViewModel.swift */ = {isa = PBXFileReference; lastKnownFileType = sourcecode.swift; path = ProductViewModel.swift; sourceTree = "<group>"; };
		27C241FE2A00A89C0045B2A0 /* CartViewModel.swift */ = {isa = PBXFileReference; lastKnownFileType = sourcecode.swift; path = CartViewModel.swift; sourceTree = "<group>"; };
		27C318D329F2FA45004CC146 /* BDFlor.xcdatamodel */ = {isa = PBXFileReference; lastKnownFileType = wrapper.xcdatamodel; path = BDFlor.xcdatamodel; sourceTree = "<group>"; };
		27C318E129F34498004CC146 /* DefaultTopBar.swift */ = {isa = PBXFileReference; lastKnownFileType = sourcecode.swift; path = DefaultTopBar.swift; sourceTree = "<group>"; };
		27C7B9D22A60CEC600CA2818 /* OnboardingView.swift */ = {isa = PBXFileReference; lastKnownFileType = sourcecode.swift; path = OnboardingView.swift; sourceTree = "<group>"; };
		27C7B9D52A60F99400CA2818 /* OnboardViewModel.swift */ = {isa = PBXFileReference; lastKnownFileType = sourcecode.swift; path = OnboardViewModel.swift; sourceTree = "<group>"; };
		27CB99C42A3354F60083CAB7 /* CustomButtons.swift */ = {isa = PBXFileReference; lastKnownFileType = sourcecode.swift; path = CustomButtons.swift; sourceTree = "<group>"; };
		27CC2DFC2A881B93000EDB64 /* WelcomeView.swift */ = {isa = PBXFileReference; lastKnownFileType = sourcecode.swift; path = WelcomeView.swift; sourceTree = "<group>"; };
		27CC2DFE2A881BA1000EDB64 /* LogInView.swift */ = {isa = PBXFileReference; lastKnownFileType = sourcecode.swift; path = LogInView.swift; sourceTree = "<group>"; };
		27CC2E002A881BB8000EDB64 /* CreateAccountView.swift */ = {isa = PBXFileReference; lastKnownFileType = sourcecode.swift; path = CreateAccountView.swift; sourceTree = "<group>"; };
		27CC2E082A883C1B000EDB64 /* SideMenuView.swift */ = {isa = PBXFileReference; lastKnownFileType = sourcecode.swift; path = SideMenuView.swift; sourceTree = "<group>"; };
		27CC2E0A2A8844EA000EDB64 /* TabButton.swift */ = {isa = PBXFileReference; lastKnownFileType = sourcecode.swift; path = TabButton.swift; sourceTree = "<group>"; };
		27CC2E0C2A884C66000EDB64 /* CustomCorners.swift */ = {isa = PBXFileReference; lastKnownFileType = sourcecode.swift; path = CustomCorners.swift; sourceTree = "<group>"; };
		27D2564A2ADB0087004FB365 /* AddCustomerTopBar.swift */ = {isa = PBXFileReference; lastKnownFileType = sourcecode.swift; path = AddCustomerTopBar.swift; sourceTree = "<group>"; };
		27D2564C2ADB11DE004FB365 /* PaymentEnums.swift */ = {isa = PBXFileReference; lastKnownFileType = sourcecode.swift; path = PaymentEnums.swift; sourceTree = "<group>"; };
		27DF03802BBCF55F00FAE215 /* LogOutUseCase.swift */ = {isa = PBXFileReference; lastKnownFileType = sourcecode.swift; path = LogOutUseCase.swift; sourceTree = "<group>"; };
		27E113462A992B4C0027728A /* LocalImageManager.swift */ = {isa = PBXFileReference; lastKnownFileType = sourcecode.swift; path = LocalImageManager.swift; sourceTree = "<group>"; };
		27E7A51B2A1D18570042983D /* CartDetail.swift */ = {isa = PBXFileReference; lastKnownFileType = sourcecode.swift; path = CartDetail.swift; sourceTree = "<group>"; };
		27E9FD1D2A582C710070216B /* GoogleService-Info.plist */ = {isa = PBXFileReference; lastKnownFileType = text.plist.xml; name = "GoogleService-Info.plist"; path = "Flor Shop/Resources/GoogleService-Info.plist"; sourceTree = SOURCE_ROOT; };
		27E9FD2F2A5835CA0070216B /* FirebaseApp.swift */ = {isa = PBXFileReference; lastKnownFileType = sourcecode.swift; path = FirebaseApp.swift; sourceTree = "<group>"; };
		27E9FD362A583AB30070216B /* VersionLockView.swift */ = {isa = PBXFileReference; lastKnownFileType = sourcecode.swift; path = VersionLockView.swift; sourceTree = "<group>"; };
		27EBAFE52A59A2CB006E5CAD /* LaunchScreenView.swift */ = {isa = PBXFileReference; lastKnownFileType = sourcecode.swift; path = LaunchScreenView.swift; sourceTree = "<group>"; };
		27EBAFE72A59B52E006E5CAD /* LockScreenView.swift */ = {isa = PBXFileReference; lastKnownFileType = sourcecode.swift; path = LockScreenView.swift; sourceTree = "<group>"; };
		27F2F4522B1DE605003E4197 /* Dependencies.swift */ = {isa = PBXFileReference; lastKnownFileType = sourcecode.swift; path = Dependencies.swift; sourceTree = "<group>"; };
		27F2F4882B1DFABA003E4197 /* GetProductsUseCase.swift */ = {isa = PBXFileReference; lastKnownFileType = sourcecode.swift; path = GetProductsUseCase.swift; sourceTree = "<group>"; };
		27F2F48A2B1E0869003E4197 /* CreateCompanyUseCase.swift */ = {isa = PBXFileReference; lastKnownFileType = sourcecode.swift; path = CreateCompanyUseCase.swift; sourceTree = "<group>"; };
		27F2F48D2B1E0E6C003E4197 /* CreateSubsidiaryUseCase.swift */ = {isa = PBXFileReference; lastKnownFileType = sourcecode.swift; path = CreateSubsidiaryUseCase.swift; sourceTree = "<group>"; };
		27F2F48F2B1E0E82003E4197 /* CreateEmployeeUseCase.swift */ = {isa = PBXFileReference; lastKnownFileType = sourcecode.swift; path = CreateEmployeeUseCase.swift; sourceTree = "<group>"; };
		27F2F4922B1E1284003E4197 /* SetDefaultCompanyUseCase.swift */ = {isa = PBXFileReference; lastKnownFileType = sourcecode.swift; path = SetDefaultCompanyUseCase.swift; sourceTree = "<group>"; };
		27F2F4942B1E1463003E4197 /* SetDefaultSubsidiaryUseCase.swift */ = {isa = PBXFileReference; lastKnownFileType = sourcecode.swift; path = SetDefaultSubsidiaryUseCase.swift; sourceTree = "<group>"; };
		27F2F4962B1E14CD003E4197 /* SetDefaultEmployeeUseCase.swift */ = {isa = PBXFileReference; lastKnownFileType = sourcecode.swift; path = SetDefaultEmployeeUseCase.swift; sourceTree = "<group>"; };
		27F2F4982B1E15A5003E4197 /* RegisterUserUseCase.swift */ = {isa = PBXFileReference; lastKnownFileType = sourcecode.swift; path = RegisterUserUseCase.swift; sourceTree = "<group>"; };
		27F2F49A2B1E2338003E4197 /* LogInUseCase.swift */ = {isa = PBXFileReference; lastKnownFileType = sourcecode.swift; path = LogInUseCase.swift; sourceTree = "<group>"; };
		27F2F49D2B1E297D003E4197 /* GetSubsidiaryUseCase.swift */ = {isa = PBXFileReference; lastKnownFileType = sourcecode.swift; path = GetSubsidiaryUseCase.swift; sourceTree = "<group>"; };
		27F2F49F2B1E2AB2003E4197 /* GetCompanyUseCase.swift */ = {isa = PBXFileReference; lastKnownFileType = sourcecode.swift; path = GetCompanyUseCase.swift; sourceTree = "<group>"; };
		27F321CB2BADF4F200296E50 /* CustomerHistoryTopBar.swift */ = {isa = PBXFileReference; lastKnownFileType = sourcecode.swift; path = CustomerHistoryTopBar.swift; sourceTree = "<group>"; };
		27F321CD2BADF6CE00296E50 /* CustomerHistoryView.swift */ = {isa = PBXFileReference; lastKnownFileType = sourcecode.swift; path = CustomerHistoryView.swift; sourceTree = "<group>"; };
		27F321CF2BADFFE100296E50 /* CustomerHistoryViewModel.swift */ = {isa = PBXFileReference; lastKnownFileType = sourcecode.swift; path = CustomerHistoryViewModel.swift; sourceTree = "<group>"; };
		27F321D22BAE097500296E50 /* GetCustomerSalesUseCase.swift */ = {isa = PBXFileReference; lastKnownFileType = sourcecode.swift; path = GetCustomerSalesUseCase.swift; sourceTree = "<group>"; };
		27F54F3129FDE5210083B616 /* CartView.swift */ = {isa = PBXFileReference; lastKnownFileType = sourcecode.swift; path = CartView.swift; sourceTree = "<group>"; };
		27F54F3329FDE6180083B616 /* CartTopBar.swift */ = {isa = PBXFileReference; lastKnownFileType = sourcecode.swift; path = CartTopBar.swift; sourceTree = "<group>"; };
		27F68FBD2AD84EDF00D917FF /* NavManager.swift */ = {isa = PBXFileReference; lastKnownFileType = sourcecode.swift; path = NavManager.swift; sourceTree = "<group>"; };
		68A4B1082A196B7500FC8D9D /* CoreDataProvider.swift */ = {isa = PBXFileReference; lastKnownFileType = sourcecode.swift; path = CoreDataProvider.swift; sourceTree = "<group>"; };
		68A4B10F2A197BFB00FC8D9D /* ProductRepositoryImpl.swift */ = {isa = PBXFileReference; lastKnownFileType = sourcecode.swift; path = ProductRepositoryImpl.swift; sourceTree = "<group>"; };
		68A4B1122A19835200FC8D9D /* Product.swift */ = {isa = PBXFileReference; lastKnownFileType = sourcecode.swift; path = Product.swift; sourceTree = "<group>"; };
		68D990C12A1ADEA700A3A393 /* LocalProductManager.swift */ = {isa = PBXFileReference; lastKnownFileType = sourcecode.swift; path = LocalProductManager.swift; sourceTree = "<group>"; };
		68D990C42A1AE98A00A3A393 /* ModelMapper.swift */ = {isa = PBXFileReference; lastKnownFileType = sourcecode.swift; path = ModelMapper.swift; sourceTree = "<group>"; };
/* End PBXFileReference section */

/* Begin PBXFrameworksBuildPhase section */
		274CE29329E6D792007C703D /* Frameworks */ = {
			isa = PBXFrameworksBuildPhase;
			buildActionMask = 2147483647;
			files = (
				27E9FD232A582DDB0070216B /* FirebaseAnalyticsSwift in Frameworks */,
				27E9FD272A582DDB0070216B /* FirebaseCrashlytics in Frameworks */,
				27E9FD252A582DDB0070216B /* FirebaseAuth in Frameworks */,
				27E9FD352A5838430070216B /* FirebaseDatabaseSwift in Frameworks */,
				27E9FD292A582DDB0070216B /* FirebaseFirestore in Frameworks */,
				27E9FD2D2A582DDB0070216B /* FirebaseStorage in Frameworks */,
				27E9FD212A582DDB0070216B /* FirebaseAnalytics in Frameworks */,
				27E9FD332A5838430070216B /* FirebaseDatabase in Frameworks */,
				27E9FD2B2A582DDB0070216B /* FirebaseFirestoreSwift in Frameworks */,
			);
			runOnlyForDeploymentPostprocessing = 0;
		};
/* End PBXFrameworksBuildPhase section */

/* Begin PBXGroup section */
		2705BC3F2B77D0B400A0CD42 /* Components */ = {
			isa = PBXGroup;
			children = (
				2705BC402B77D0D900A0CD42 /* SalesTopBar.swift */,
			);
			path = Components;
			sourceTree = "<group>";
		};
		270B71CB2BBB81B0002D79D6 /* OptimizedFuntions */ = {
			isa = PBXGroup;
			children = (
				270B71CC2BBB8202002D79D6 /* OptimizeLocalImages.swift */,
			);
			path = OptimizedFuntions;
			sourceTree = "<group>";
		};
		272559362A8ACBD5008896C8 /* FirebaseSesionManagement */ = {
			isa = PBXGroup;
			children = (
				272559372A8ACBFF008896C8 /* FirebaseSesionManagement.swift */,
			);
			path = FirebaseSesionManagement;
			sourceTree = "<group>";
		};
		2733AF612ACB932E00BF8531 /* Components */ = {
			isa = PBXGroup;
			children = (
				27D2564A2ADB0087004FB365 /* AddCustomerTopBar.swift */,
				2737E57D2AF6FD6900179D51 /* UploadOptionsView.swift */,
			);
			path = Components;
			sourceTree = "<group>";
		};
		273576902B1FADE800E9CF12 /* Company */ = {
			isa = PBXGroup;
			children = (
				27F2F49F2B1E2AB2003E4197 /* GetCompanyUseCase.swift */,
				27F2F4922B1E1284003E4197 /* SetDefaultCompanyUseCase.swift */,
				27F2F48A2B1E0869003E4197 /* CreateCompanyUseCase.swift */,
			);
			path = Company;
			sourceTree = "<group>";
		};
		273576912B1FAE0A00E9CF12 /* Product */ = {
			isa = PBXGroup;
			children = (
				27F2F4882B1DFABA003E4197 /* GetProductsUseCase.swift */,
				2777D77B2B1EF408003C2FCA /* SaveProductUseCase.swift */,
			);
			path = Product;
			sourceTree = "<group>";
		};
		273576922B1FAE3500E9CF12 /* Customer */ = {
			isa = PBXGroup;
			children = (
				2735768C2B1F860D00E9CF12 /* GetCustomersUseCase.swift */,
				2735768E2B1F8CE700E9CF12 /* SaveCustomerUseCase.swift */,
				27F321D22BAE097500296E50 /* GetCustomerSalesUseCase.swift */,
			);
			path = Customer;
			sourceTree = "<group>";
		};
		273576932B1FAE4D00E9CF12 /* Subsidiary */ = {
			isa = PBXGroup;
			children = (
				27F2F4942B1E1463003E4197 /* SetDefaultSubsidiaryUseCase.swift */,
				27F2F49D2B1E297D003E4197 /* GetSubsidiaryUseCase.swift */,
				27F2F48D2B1E0E6C003E4197 /* CreateSubsidiaryUseCase.swift */,
			);
			path = Subsidiary;
			sourceTree = "<group>";
		};
		273576942B1FAE6C00E9CF12 /* Employee */ = {
			isa = PBXGroup;
			children = (
				27F2F48F2B1E0E82003E4197 /* CreateEmployeeUseCase.swift */,
				27F2F4962B1E14CD003E4197 /* SetDefaultEmployeeUseCase.swift */,
				2735768A2B1F83CD00E9CF12 /* GetEmployeesUseCase.swift */,
			);
			path = Employee;
			sourceTree = "<group>";
		};
		273576952B1FAE8C00E9CF12 /* Cart */ = {
			isa = PBXGroup;
			children = (
				273576772B1F477B00E9CF12 /* GetProductsInCartUseCase.swift */,
				273576792B1F48E500E9CF12 /* GetCartUseCase.swift */,
				2735767C2B1F4A2C00E9CF12 /* DeleteCartDetailUseCase.swift */,
				2735767E2B1F4AD700E9CF12 /* AddProductoToCartUseCase.swift */,
				273576802B1F4BAE00E9CF12 /* EmptyCartUseCase.swift */,
				273576822B1F500600E9CF12 /* IncreaceProductInCartUseCase.swift */,
				273576842B1F507A00E9CF12 /* DecreaceProductInCartUseCase.swift */,
			);
			path = Cart;
			sourceTree = "<group>";
		};
		273576962B1FAEAC00E9CF12 /* Sale */ = {
			isa = PBXGroup;
			children = (
				273576862B1F71F800E9CF12 /* RegisterSaleUseCase.swift */,
				273576882B1F72CE00E9CF12 /* GetSalesUseCase.swift */,
				279D1FB22BB5E94C00BCBBA8 /* PayClientDebtUseCase.swift */,
			);
			path = Sale;
			sourceTree = "<group>";
		};
		2735D45E2B21EB7400C892AF /* SaleDetail */ = {
			isa = PBXGroup;
			children = (
				2735D45F2B21EBBE00C892AF /* GetSalesDetailsUseCase.swift */,
			);
			path = SaleDetail;
			sourceTree = "<group>";
		};
		274960A32AD4944F00BC257B /* PaymentView */ = {
			isa = PBXGroup;
			children = (
				27F2F4742B1DF1EA003E4197 /* ViewModel */,
				27F2F4732B1DF1E5003E4197 /* View */,
			);
			path = PaymentView;
			sourceTree = "<group>";
		};
		274960A42AD4949C00BC257B /* Components */ = {
			isa = PBXGroup;
			children = (
				274960A52AD4966300BC257B /* PaymentTopBar.swift */,
			);
			path = Components;
			sourceTree = "<group>";
		};
		274CE28D29E6D792007C703D = {
			isa = PBXGroup;
			children = (
				274CE29829E6D792007C703D /* Flor Shop */,
				274CE29729E6D792007C703D /* Products */,
				27E9FD312A5838430070216B /* Frameworks */,
			);
			sourceTree = "<group>";
		};
		274CE29729E6D792007C703D /* Products */ = {
			isa = PBXGroup;
			children = (
				274CE29629E6D792007C703D /* Flor Shop.app */,
			);
			name = Products;
			sourceTree = "<group>";
		};
		274CE29829E6D792007C703D /* Flor Shop */ = {
			isa = PBXGroup;
			children = (
				270C3E242A617FDC0086557A /* Flor Shop.entitlements */,
				27F2F4512B1DE5EE003E4197 /* DI */,
				68A4B10A2A196BD800FC8D9D /* Data */,
				27F2F4592B1DECCA003E4197 /* Domain */,
				27F2F4582B1DEB3D003E4197 /* Resources */,
				274CE2A929E6D81E007C703D /* Presentation */,
				274CE29F29E6D793007C703D /* Preview Content */,
			);
			path = "Flor Shop";
			sourceTree = "<group>";
		};
		274CE29F29E6D793007C703D /* Preview Content */ = {
			isa = PBXGroup;
			children = (
				274CE2A029E6D793007C703D /* Preview Assets.xcassets */,
			);
			path = "Preview Content";
			sourceTree = "<group>";
		};
		274CE2A929E6D81E007C703D /* Presentation */ = {
			isa = PBXGroup;
			children = (
				274CE29929E6D792007C703D /* FlorShopApp.swift */,
				27B3936D29F74E4B0085D4EC /* MainView.swift */,
				27EBAFE42A59A2AE006E5CAD /* LauchScreen */,
				27C7B9D12A60CEB400CA2818 /* Onboarding */,
				27CC2DFB2A881B4B000EDB64 /* SessionView */,
				27CC2E032A883B98000EDB64 /* SideMenu */,
				27F2F4692B1DF00E003E4197 /* MenuView */,
				27C241F52A0088A70045B2A0 /* Commons */,
			);
			path = Presentation;
			sourceTree = "<group>";
		};
		2776A2EE2A86F34300410674 /* Enums */ = {
			isa = PBXGroup;
			children = (
				2776A2EF2A86F35500410674 /* ProductsEnums.swift */,
				2748918D2AD707B3004D6C6C /* CustomersEnums.swift */,
				27D2564C2ADB11DE004FB365 /* PaymentEnums.swift */,
				2705BC432B77D1FE00A0CD42 /* SalesEnums.swift */,
			);
			path = Enums;
			sourceTree = "<group>";
		};
		2777D77D2B1EF5FE003C2FCA /* Session */ = {
			isa = PBXGroup;
			children = (
				27F2F49A2B1E2338003E4197 /* LogInUseCase.swift */,
				27F2F4982B1E15A5003E4197 /* RegisterUserUseCase.swift */,
				27DF03802BBCF55F00FAE215 /* LogOutUseCase.swift */,
			);
			path = Session;
			sourceTree = "<group>";
		};
		2777DB162B55CF2700F6CAC3 /* TestData */ = {
			isa = PBXGroup;
			children = (
				2777DB1B2B55DC1A00F6CAC3 /* BD_Flor_Shop.csv */,
			);
			path = TestData;
			sourceTree = "<group>";
		};
		278142062AC3335E0093B402 /* Components */ = {
			isa = PBXGroup;
			children = (
			);
			path = Components;
			sourceTree = "<group>";
		};
		2786CA182A6D44CC00A80585 /* Alerts */ = {
			isa = PBXGroup;
			children = (
				2786CA192A6D44CC00A80585 /* Fail1.mp3 */,
				2786CA1A2A6D44CC00A80585 /* Success1.mp3 */,
			);
			path = Alerts;
			sourceTree = "<group>";
		};
		27A6EF1E2ACC84A100F4D178 /* Extensions */ = {
			isa = PBXGroup;
			children = (
				68D990C42A1AE98A00A3A393 /* ModelMapper.swift */,
				27A6EF1F2ACC84C100F4D178 /* Extensions.swift */,
			);
			path = Extensions;
			sourceTree = "<group>";
		};
		27BA28172A79BF3B008F3F08 /* Fonts */ = {
			isa = PBXGroup;
			children = (
				27BA28182A79BF46008F3F08 /* Artifika-Regular.ttf */,
			);
			path = Fonts;
			sourceTree = "<group>";
		};
		27BF2C832ADB6ADE00D4C5F6 /* CardViews */ = {
			isa = PBXGroup;
			children = (
				278142072AC333A60093B402 /* CartViews.swift */,
			);
			path = CardViews;
			sourceTree = "<group>";
		};
		27C241F52A0088A70045B2A0 /* Commons */ = {
			isa = PBXGroup;
			children = (
				27F2F4842B1DF57C003E4197 /* ViewModels */,
				27BF2C832ADB6ADE00D4C5F6 /* CardViews */,
				27C318E129F34498004CC146 /* DefaultTopBar.swift */,
				27B3936B29F73B510085D4EC /* CustomTabBar.swift */,
				2734B2332A300FF2003EA365 /* CustomHideKeyboard.swift */,
				27CB99C42A3354F60083CAB7 /* CustomButtons.swift */,
				27B2DCC02A353EA00042485D /* CustomAsyncImageView.swift */,
				27E9FD362A583AB30070216B /* VersionLockView.swift */,
				27BA281A2A79CA67008F3F08 /* PopoverHelp.swift */,
				27395ABF2A8463F100A91420 /* CustomTextField.swift */,
				27CC2E0A2A8844EA000EDB64 /* TabButton.swift */,
				27CC2E0C2A884C66000EDB64 /* CustomCorners.swift */,
				279EF9D62A9125C300F97CB1 /* FuncOpenGoogle.swift */,
				2737740F2A980781004C0BD1 /* CustomBackButton.swift */,
			);
			path = Commons;
			sourceTree = "<group>";
		};
		27C241F62A0088DE0045B2A0 /* ProductView */ = {
			isa = PBXGroup;
			children = (
				27F2F4702B1DF1A2003E4197 /* ViewModel */,
				27F2F46F2B1DF19A003E4197 /* View */,
			);
			path = ProductView;
			sourceTree = "<group>";
		};
		27C241F72A0088E90045B2A0 /* CarritoView */ = {
			isa = PBXGroup;
			children = (
				27F2F4722B1DF1C3003E4197 /* ViewModel */,
				27F2F4712B1DF1BF003E4197 /* View */,
			);
			path = CarritoView;
			sourceTree = "<group>";
		};
		27C241F82A0089960045B2A0 /* Components */ = {
			isa = PBXGroup;
			children = (
				27F54F3329FDE6180083B616 /* CartTopBar.swift */,
			);
			path = Components;
			sourceTree = "<group>";
		};
		27C241F92A0089B50045B2A0 /* AgregarView */ = {
			isa = PBXGroup;
			children = (
				27F2F46D2B1DF17C003E4197 /* ViewModel */,
				27F2F46E2B1DF183003E4197 /* View */,
			);
			path = AgregarView;
			sourceTree = "<group>";
		};
		27C241FA2A0089BC0045B2A0 /* Components */ = {
			isa = PBXGroup;
			children = (
				2715F2FE2A31482F00D3C918 /* AgregarTopBar.swift */,
			);
			path = Components;
			sourceTree = "<group>";
		};
		27C318DC29F33655004CC146 /* Components */ = {
			isa = PBXGroup;
			children = (
				27B3936F29F7575C0085D4EC /* SearchTopBar.swift */,
			);
			path = Components;
			sourceTree = "<group>";
		};
		27C7B9D12A60CEB400CA2818 /* Onboarding */ = {
			isa = PBXGroup;
			children = (
				27F2F45D2B1DEE64003E4197 /* ViewModel */,
				27F2F45E2B1DEE7A003E4197 /* View */,
			);
			path = Onboarding;
			sourceTree = "<group>";
		};
		27CC2DFB2A881B4B000EDB64 /* SessionView */ = {
			isa = PBXGroup;
			children = (
				27F2F4622B1DEF3D003E4197 /* WelcomeView */,
				27F2F45F2B1DEEFB003E4197 /* LogInView */,
				27F2F4652B1DEF80003E4197 /* RegisterView */,
			);
			path = SessionView;
			sourceTree = "<group>";
		};
		27CC2E022A881BC1000EDB64 /* PointOfSale */ = {
			isa = PBXGroup;
			children = (
				273E638D2A897ACF0048DC44 /* PointOfSaleView.swift */,
				27C241F92A0089B50045B2A0 /* AgregarView */,
				27C241F62A0088DE0045B2A0 /* ProductView */,
				27C241F72A0088E90045B2A0 /* CarritoView */,
				274960A32AD4944F00BC257B /* PaymentView */,
			);
			path = PointOfSale;
			sourceTree = "<group>";
		};
		27CC2E032A883B98000EDB64 /* SideMenu */ = {
			isa = PBXGroup;
			children = (
				27F2F4852B1DF756003E4197 /* SubsidiaryView */,
				27CC2E022A881BC1000EDB64 /* PointOfSale */,
				27CC2E042A883BA1000EDB64 /* Sales */,
				27CC2E052A883BA8000EDB64 /* Customers */,
				27CC2E062A883BB0000EDB64 /* Employees */,
				27CC2E072A883BCA000EDB64 /* Settings */,
			);
			path = SideMenu;
			sourceTree = "<group>";
		};
		27CC2E042A883BA1000EDB64 /* Sales */ = {
			isa = PBXGroup;
			children = (
				27F2F4832B1DF38C003E4197 /* ViewModel */,
				27F2F4822B1DF388003E4197 /* View */,
			);
			path = Sales;
			sourceTree = "<group>";
		};
		27CC2E052A883BA8000EDB64 /* Customers */ = {
			isa = PBXGroup;
			children = (
				27F2F4752B1DF282003E4197 /* CustomerView */,
				27F2F4792B1DF2F5003E4197 /* AddCustomerView */,
				27F321C72BADE9FA00296E50 /* CustomerHistoryView */,
			);
			path = Customers;
			sourceTree = "<group>";
		};
		27CC2E062A883BB0000EDB64 /* Employees */ = {
			isa = PBXGroup;
			children = (
				27F2F47F2B1DF347003E4197 /* AddEmployeeViewModel */,
				27F2F47C2B1DF32D003E4197 /* EmployeesView */,
			);
			path = Employees;
			sourceTree = "<group>";
		};
		27CC2E072A883BCA000EDB64 /* Settings */ = {
			isa = PBXGroup;
			children = (
			);
			path = Settings;
			sourceTree = "<group>";
		};
		27E9FD2E2A58356C0070216B /* FirebaseCheckAppVersion */ = {
			isa = PBXGroup;
			children = (
				27E9FD2F2A5835CA0070216B /* FirebaseApp.swift */,
			);
			path = FirebaseCheckAppVersion;
			sourceTree = "<group>";
		};
		27E9FD312A5838430070216B /* Frameworks */ = {
			isa = PBXGroup;
			children = (
			);
			name = Frameworks;
			sourceTree = "<group>";
		};
		27EBAFE42A59A2AE006E5CAD /* LauchScreen */ = {
			isa = PBXGroup;
			children = (
				27EBAFE52A59A2CB006E5CAD /* LaunchScreenView.swift */,
				27EBAFE72A59B52E006E5CAD /* LockScreenView.swift */,
			);
			path = LauchScreen;
			sourceTree = "<group>";
		};
		27F2F4512B1DE5EE003E4197 /* DI */ = {
			isa = PBXGroup;
			children = (
				27F2F4522B1DE605003E4197 /* Dependencies.swift */,
			);
			path = DI;
			sourceTree = "<group>";
		};
		27F2F4542B1DE9AF003E4197 /* PersistentStorage */ = {
			isa = PBXGroup;
			children = (
				270B71CB2BBB81B0002D79D6 /* OptimizedFuntions */,
				2776A2EE2A86F34300410674 /* Enums */,
				27F2F4552B1DE9FD003E4197 /* CoreDataPersistenceManager */,
				68A4B10B2A196C5400FC8D9D /* LocalStorage */,
			);
			path = PersistentStorage;
			sourceTree = "<group>";
		};
		27F2F4552B1DE9FD003E4197 /* CoreDataPersistenceManager */ = {
			isa = PBXGroup;
			children = (
				68A4B1082A196B7500FC8D9D /* CoreDataProvider.swift */,
				27C318D229F2FA45004CC146 /* BDFlor.xcdatamodeld */,
			);
			path = CoreDataPersistenceManager;
			sourceTree = "<group>";
		};
		27F2F4562B1DEA3A003E4197 /* Network */ = {
			isa = PBXGroup;
			children = (
				27F2F4572B1DEA7C003E4197 /* Firebase */,
				270930A12B46F4C300BDF3CD /* RemoteProductManager.swift */,
			);
			path = Network;
			sourceTree = "<group>";
		};
		27F2F4572B1DEA7C003E4197 /* Firebase */ = {
			isa = PBXGroup;
			children = (
				27E9FD2E2A58356C0070216B /* FirebaseCheckAppVersion */,
				272559362A8ACBD5008896C8 /* FirebaseSesionManagement */,
			);
			path = Firebase;
			sourceTree = "<group>";
		};
		27F2F4582B1DEB3D003E4197 /* Resources */ = {
			isa = PBXGroup;
			children = (
				2777DB162B55CF2700F6CAC3 /* TestData */,
				2786CA182A6D44CC00A80585 /* Alerts */,
				27BA28172A79BF3B008F3F08 /* Fonts */,
				274CE29D29E6D793007C703D /* Assets.xcassets */,
				27E9FD1D2A582C710070216B /* GoogleService-Info.plist */,
			);
			path = Resources;
			sourceTree = "<group>";
		};
		27F2F4592B1DECCA003E4197 /* Domain */ = {
			isa = PBXGroup;
			children = (
				27F2F45A2B1DECF0003E4197 /* Entities */,
				27F2F45B2B1DED15003E4197 /* UseCases */,
			);
			path = Domain;
			sourceTree = "<group>";
		};
		27F2F45A2B1DECF0003E4197 /* Entities */ = {
			isa = PBXGroup;
			children = (
				68A4B1122A19835200FC8D9D /* Product.swift */,
				2728EAB12A1B0E02002B534A /* Car.swift */,
				2728EAB32A1B0E0D002B534A /* Sale.swift */,
				27E7A51B2A1D18570042983D /* CartDetail.swift */,
				279C649D2A8D9488003B29BC /* Company.swift */,
				279C649F2A8D9539003B29BC /* Subsidiary.swift */,
				279C64A12A8D961B003B29BC /* ImageUrl.swift */,
				279C64A32A8D977C003B29BC /* Employee.swift */,
				279C64A52A8D97E1003B29BC /* Customer.swift */,
				279C64A72A8D9823003B29BC /* SaleDetail.swift */,
			);
			path = Entities;
			sourceTree = "<group>";
		};
		27F2F45B2B1DED15003E4197 /* UseCases */ = {
			isa = PBXGroup;
			children = (
				2735D45E2B21EB7400C892AF /* SaleDetail */,
				273576962B1FAEAC00E9CF12 /* Sale */,
				273576952B1FAE8C00E9CF12 /* Cart */,
				273576942B1FAE6C00E9CF12 /* Employee */,
				273576932B1FAE4D00E9CF12 /* Subsidiary */,
				273576922B1FAE3500E9CF12 /* Customer */,
				273576912B1FAE0A00E9CF12 /* Product */,
				273576902B1FADE800E9CF12 /* Company */,
				2777D77D2B1EF5FE003C2FCA /* Session */,
			);
			path = UseCases;
			sourceTree = "<group>";
		};
		27F2F45D2B1DEE64003E4197 /* ViewModel */ = {
			isa = PBXGroup;
			children = (
				27C7B9D52A60F99400CA2818 /* OnboardViewModel.swift */,
			);
			path = ViewModel;
			sourceTree = "<group>";
		};
		27F2F45E2B1DEE7A003E4197 /* View */ = {
			isa = PBXGroup;
			children = (
				27C7B9D22A60CEC600CA2818 /* OnboardingView.swift */,
			);
			path = View;
			sourceTree = "<group>";
		};
		27F2F45F2B1DEEFB003E4197 /* LogInView */ = {
			isa = PBXGroup;
			children = (
				27F2F4612B1DEF15003E4197 /* ViewModel */,
				27F2F4602B1DEF0D003E4197 /* View */,
			);
			path = LogInView;
			sourceTree = "<group>";
		};
		27F2F4602B1DEF0D003E4197 /* View */ = {
			isa = PBXGroup;
			children = (
				27CC2DFE2A881BA1000EDB64 /* LogInView.swift */,
			);
			path = View;
			sourceTree = "<group>";
		};
		27F2F4612B1DEF15003E4197 /* ViewModel */ = {
			isa = PBXGroup;
			children = (
				2731F0B62A956BC800F6E5E0 /* LogInViewModel.swift */,
			);
			path = ViewModel;
			sourceTree = "<group>";
		};
		27F2F4622B1DEF3D003E4197 /* WelcomeView */ = {
			isa = PBXGroup;
			children = (
				27F2F4642B1DEF74003E4197 /* ViewModel */,
				27F2F4632B1DEF6C003E4197 /* View */,
			);
			path = WelcomeView;
			sourceTree = "<group>";
		};
		27F2F4632B1DEF6C003E4197 /* View */ = {
			isa = PBXGroup;
			children = (
				27CC2DFC2A881B93000EDB64 /* WelcomeView.swift */,
			);
			path = View;
			sourceTree = "<group>";
		};
		27F2F4642B1DEF74003E4197 /* ViewModel */ = {
			isa = PBXGroup;
			children = (
			);
			path = ViewModel;
			sourceTree = "<group>";
		};
		27F2F4652B1DEF80003E4197 /* RegisterView */ = {
			isa = PBXGroup;
			children = (
				27F2F4672B1DEF92003E4197 /* ViewModel */,
				27F2F4662B1DEF8C003E4197 /* View */,
			);
			path = RegisterView;
			sourceTree = "<group>";
		};
		27F2F4662B1DEF8C003E4197 /* View */ = {
			isa = PBXGroup;
			children = (
				27CC2E002A881BB8000EDB64 /* CreateAccountView.swift */,
			);
			path = View;
			sourceTree = "<group>";
		};
		27F2F4672B1DEF92003E4197 /* ViewModel */ = {
			isa = PBXGroup;
			children = (
				2731F0B82A956BF900F6E5E0 /* RegistrationViewModel.swift */,
			);
			path = ViewModel;
			sourceTree = "<group>";
		};
		27F2F4692B1DF00E003E4197 /* MenuView */ = {
			isa = PBXGroup;
			children = (
				27F2F46B2B1DF01D003E4197 /* ViewModel */,
				27F2F46A2B1DF016003E4197 /* View */,
			);
			path = MenuView;
			sourceTree = "<group>";
		};
		27F2F46A2B1DF016003E4197 /* View */ = {
			isa = PBXGroup;
			children = (
				27CC2E082A883C1B000EDB64 /* SideMenuView.swift */,
				27F2F46C2B1DF075003E4197 /* Components */,
			);
			path = View;
			sourceTree = "<group>";
		};
		27F2F46B2B1DF01D003E4197 /* ViewModel */ = {
			isa = PBXGroup;
			children = (
			);
			path = ViewModel;
			sourceTree = "<group>";
		};
		27F2F46C2B1DF075003E4197 /* Components */ = {
			isa = PBXGroup;
			children = (
				2737740D2A97E58F004C0BD1 /* MenuView.swift */,
			);
			path = Components;
			sourceTree = "<group>";
		};
		27F2F46D2B1DF17C003E4197 /* ViewModel */ = {
			isa = PBXGroup;
			children = (
				271BA1542A58799800572674 /* AgregarViewModel.swift */,
			);
			path = ViewModel;
			sourceTree = "<group>";
		};
		27F2F46E2B1DF183003E4197 /* View */ = {
			isa = PBXGroup;
			children = (
				27C241FA2A0089BC0045B2A0 /* Components */,
				279EF9D42A9124C500F97CB1 /* AgregarView.swift */,
			);
			path = View;
			sourceTree = "<group>";
		};
		27F2F46F2B1DF19A003E4197 /* View */ = {
			isa = PBXGroup;
			children = (
				27C318DC29F33655004CC146 /* Components */,
				274CE29B29E6D792007C703D /* ProductView.swift */,
			);
			path = View;
			sourceTree = "<group>";
		};
		27F2F4702B1DF1A2003E4197 /* ViewModel */ = {
			isa = PBXGroup;
			children = (
				27C241FB2A008CB50045B2A0 /* ProductViewModel.swift */,
			);
			path = ViewModel;
			sourceTree = "<group>";
		};
		27F2F4712B1DF1BF003E4197 /* View */ = {
			isa = PBXGroup;
			children = (
				27C241F82A0089960045B2A0 /* Components */,
				27F54F3129FDE5210083B616 /* CartView.swift */,
			);
			path = View;
			sourceTree = "<group>";
		};
		27F2F4722B1DF1C3003E4197 /* ViewModel */ = {
			isa = PBXGroup;
			children = (
				27C241FE2A00A89C0045B2A0 /* CartViewModel.swift */,
			);
			path = ViewModel;
			sourceTree = "<group>";
		};
		27F2F4732B1DF1E5003E4197 /* View */ = {
			isa = PBXGroup;
			children = (
				274960A42AD4949C00BC257B /* Components */,
				274960A12AD4933000BC257B /* PaymentView.swift */,
			);
			path = View;
			sourceTree = "<group>";
		};
		27F2F4742B1DF1EA003E4197 /* ViewModel */ = {
			isa = PBXGroup;
			children = (
			);
			path = ViewModel;
			sourceTree = "<group>";
		};
		27F2F4752B1DF282003E4197 /* CustomerView */ = {
			isa = PBXGroup;
			children = (
				27F2F4772B1DF294003E4197 /* ViewModel */,
				27F2F4762B1DF28F003E4197 /* View */,
			);
			path = CustomerView;
			sourceTree = "<group>";
		};
		27F2F4762B1DF28F003E4197 /* View */ = {
			isa = PBXGroup;
			children = (
				27F2F4782B1DF2A7003E4197 /* Components */,
				2733AF622ACB934800BF8531 /* CustomersView.swift */,
			);
			path = View;
			sourceTree = "<group>";
		};
		27F2F4772B1DF294003E4197 /* ViewModel */ = {
			isa = PBXGroup;
			children = (
				2733AF642ACB942E00BF8531 /* CustomerViewModel.swift */,
			);
			path = ViewModel;
			sourceTree = "<group>";
		};
		27F2F4782B1DF2A7003E4197 /* Components */ = {
			isa = PBXGroup;
			children = (
				2748918B2AD7063E004D6C6C /* CustomerTopBar.swift */,
			);
			path = Components;
			sourceTree = "<group>";
		};
		27F2F4792B1DF2F5003E4197 /* AddCustomerView */ = {
			isa = PBXGroup;
			children = (
				27F2F47B2B1DF303003E4197 /* ViewModel */,
				27F2F47A2B1DF2FE003E4197 /* View */,
			);
			path = AddCustomerView;
			sourceTree = "<group>";
		};
		27F2F47A2B1DF2FE003E4197 /* View */ = {
			isa = PBXGroup;
			children = (
				2733AF612ACB932E00BF8531 /* Components */,
				2702C9D52ADACCFA008DBF66 /* AddCustomerView.swift */,
			);
			path = View;
			sourceTree = "<group>";
		};
		27F2F47B2B1DF303003E4197 /* ViewModel */ = {
			isa = PBXGroup;
			children = (
				2702C9D72ADACF8E008DBF66 /* AddCustomerViewModel.swift */,
			);
			path = ViewModel;
			sourceTree = "<group>";
		};
		27F2F47C2B1DF32D003E4197 /* EmployeesView */ = {
			isa = PBXGroup;
			children = (
				27F2F47E2B1DF340003E4197 /* ViewModel */,
				27F2F47D2B1DF33A003E4197 /* View */,
			);
			path = EmployeesView;
			sourceTree = "<group>";
		};
		27F2F47D2B1DF33A003E4197 /* View */ = {
			isa = PBXGroup;
			children = (
				278142062AC3335E0093B402 /* Components */,
				274C65A02AC48A3200B778A2 /* EmployeeView.swift */,
			);
			path = View;
			sourceTree = "<group>";
		};
		27F2F47E2B1DF340003E4197 /* ViewModel */ = {
			isa = PBXGroup;
			children = (
				274C65A42AC48B4800B778A2 /* EmployeeViewModel.swift */,
			);
			path = ViewModel;
			sourceTree = "<group>";
		};
		27F2F47F2B1DF347003E4197 /* AddEmployeeViewModel */ = {
			isa = PBXGroup;
			children = (
				27F2F4812B1DF355003E4197 /* ViewModel */,
				27F2F4802B1DF351003E4197 /* View */,
			);
			path = AddEmployeeViewModel;
			sourceTree = "<group>";
		};
		27F2F4802B1DF351003E4197 /* View */ = {
			isa = PBXGroup;
			children = (
			);
			path = View;
			sourceTree = "<group>";
		};
		27F2F4812B1DF355003E4197 /* ViewModel */ = {
			isa = PBXGroup;
			children = (
			);
			path = ViewModel;
			sourceTree = "<group>";
		};
		27F2F4822B1DF388003E4197 /* View */ = {
			isa = PBXGroup;
			children = (
				2705BC3F2B77D0B400A0CD42 /* Components */,
				2735D45C2B21E28000C892AF /* SalesView.swift */,
			);
			path = View;
			sourceTree = "<group>";
		};
		27F2F4832B1DF38C003E4197 /* ViewModel */ = {
			isa = PBXGroup;
			children = (
				2720667F2A094D6A00E0CCA8 /* SalesViewModel.swift */,
			);
			path = ViewModel;
			sourceTree = "<group>";
		};
		27F2F4842B1DF57C003E4197 /* ViewModels */ = {
			isa = PBXGroup;
			children = (
				27F68FBC2AD84EC700D917FF /* Navigation */,
				271A7E1429F0FA3300BBAEA3 /* ImageProductNetworkViewModel.swift */,
			);
			path = ViewModels;
			sourceTree = "<group>";
		};
		27F2F4852B1DF756003E4197 /* SubsidiaryView */ = {
			isa = PBXGroup;
			children = (
				27F2F4872B1DF785003E4197 /* ViewModel */,
				27F2F4862B1DF781003E4197 /* View */,
			);
			path = SubsidiaryView;
			sourceTree = "<group>";
		};
		27F2F4862B1DF781003E4197 /* View */ = {
			isa = PBXGroup;
			children = (
			);
			path = View;
			sourceTree = "<group>";
		};
		27F2F4872B1DF785003E4197 /* ViewModel */ = {
			isa = PBXGroup;
			children = (
				274AE3622A8E917B005FFAEC /* CompanyViewModel.swift */,
			);
			path = ViewModel;
			sourceTree = "<group>";
		};
		27F321C72BADE9FA00296E50 /* CustomerHistoryView */ = {
			isa = PBXGroup;
			children = (
				27F321C82BADEA2300296E50 /* ViewModel */,
				27F321C92BADEA2A00296E50 /* View */,
			);
			path = CustomerHistoryView;
			sourceTree = "<group>";
		};
		27F321C82BADEA2300296E50 /* ViewModel */ = {
			isa = PBXGroup;
			children = (
				27F321CF2BADFFE100296E50 /* CustomerHistoryViewModel.swift */,
			);
			path = ViewModel;
			sourceTree = "<group>";
		};
		27F321C92BADEA2A00296E50 /* View */ = {
			isa = PBXGroup;
			children = (
				27F321CA2BADF4D000296E50 /* Components */,
				27F321CD2BADF6CE00296E50 /* CustomerHistoryView.swift */,
			);
			path = View;
			sourceTree = "<group>";
		};
		27F321CA2BADF4D000296E50 /* Components */ = {
			isa = PBXGroup;
			children = (
				27F321CB2BADF4F200296E50 /* CustomerHistoryTopBar.swift */,
			);
			path = Components;
			sourceTree = "<group>";
		};
		27F68FBC2AD84EC700D917FF /* Navigation */ = {
			isa = PBXGroup;
			children = (
				27F68FBD2AD84EDF00D917FF /* NavManager.swift */,
			);
			path = Navigation;
			sourceTree = "<group>";
		};
		68A4B10A2A196BD800FC8D9D /* Data */ = {
			isa = PBXGroup;
			children = (
				68D990C02A1ADE8000A3A393 /* Repositories */,
				27F2F4542B1DE9AF003E4197 /* PersistentStorage */,
				27F2F4562B1DEA3A003E4197 /* Network */,
				27A6EF1E2ACC84A100F4D178 /* Extensions */,
			);
			path = Data;
			sourceTree = "<group>";
		};
		68A4B10B2A196C5400FC8D9D /* LocalStorage */ = {
			isa = PBXGroup;
			children = (
				68D990C12A1ADEA700A3A393 /* LocalProductManager.swift */,
				2728EAA92A1B0B89002B534A /* LocalCartManager.swift */,
				279C648F2A8D7912003B29BC /* LocalCompanyManager.swift */,
				2728EAAB2A1B0BA4002B534A /* LocalSaleManager.swift */,
				279C648D2A8D78FF003B29BC /* LocalSubsidiaryManager.swift */,
				279C64972A8D89A2003B29BC /* LocalEmployeeManager.swift */,
				279C64992A8D89BB003B29BC /* LocalCustomerManager.swift */,
				27E113462A992B4C0027728A /* LocalImageManager.swift */,
			);
			path = LocalStorage;
			sourceTree = "<group>";
		};
		68D990C02A1ADE8000A3A393 /* Repositories */ = {
			isa = PBXGroup;
			children = (
				68A4B10F2A197BFB00FC8D9D /* ProductRepositoryImpl.swift */,
				2728EAAD2A1B0BC2002B534A /* SaleRepositoryImpl.swift */,
				2728EAAF2A1B0BD5002B534A /* CarRepositoryImpl.swift */,
				273BD5DE2A4B4493001C1C03 /* Notification.swift */,
				279C64872A8D7880003B29BC /* SubsidiaryRepositoryImpl.swift */,
				279C64892A8D78B8003B29BC /* CompanyRepositoryImpl.swift */,
				279C64932A8D796D003B29BC /* EmployeeRepositoryImpl.swift */,
				279C64952A8D798A003B29BC /* CustomerRepositoryImpl.swift */,
			);
			path = Repositories;
			sourceTree = "<group>";
		};
/* End PBXGroup section */

/* Begin PBXNativeTarget section */
		274CE29529E6D792007C703D /* Flor Shop */ = {
			isa = PBXNativeTarget;
			buildConfigurationList = 274CE2A429E6D793007C703D /* Build configuration list for PBXNativeTarget "Flor Shop" */;
			buildPhases = (
				274CE29229E6D792007C703D /* Sources */,
				274CE29329E6D792007C703D /* Frameworks */,
				274CE29429E6D792007C703D /* Resources */,
			);
			buildRules = (
			);
			dependencies = (
			);
			name = "Flor Shop";
			packageProductDependencies = (
				27E9FD202A582DDB0070216B /* FirebaseAnalytics */,
				27E9FD222A582DDB0070216B /* FirebaseAnalyticsSwift */,
				27E9FD242A582DDB0070216B /* FirebaseAuth */,
				27E9FD262A582DDB0070216B /* FirebaseCrashlytics */,
				27E9FD282A582DDB0070216B /* FirebaseFirestore */,
				27E9FD2A2A582DDB0070216B /* FirebaseFirestoreSwift */,
				27E9FD2C2A582DDB0070216B /* FirebaseStorage */,
				27E9FD322A5838430070216B /* FirebaseDatabase */,
				27E9FD342A5838430070216B /* FirebaseDatabaseSwift */,
			);
			productName = "Flor Shop";
			productReference = 274CE29629E6D792007C703D /* Flor Shop.app */;
			productType = "com.apple.product-type.application";
		};
/* End PBXNativeTarget section */

/* Begin PBXProject section */
		274CE28E29E6D792007C703D /* Project object */ = {
			isa = PBXProject;
			attributes = {
				BuildIndependentTargetsInParallel = 1;
				LastSwiftUpdateCheck = 1430;
				LastUpgradeCheck = 1430;
				TargetAttributes = {
					274CE29529E6D792007C703D = {
						CreatedOnToolsVersion = 14.3;
					};
				};
			};
			buildConfigurationList = 274CE29129E6D792007C703D /* Build configuration list for PBXProject "Flor Shop" */;
			compatibilityVersion = "Xcode 14.0";
			developmentRegion = en;
			hasScannedForEncodings = 0;
			knownRegions = (
				en,
				Base,
			);
			mainGroup = 274CE28D29E6D792007C703D;
			packageReferences = (
				27E9FD1F2A582DDB0070216B /* XCRemoteSwiftPackageReference "firebase-ios-sdk" */,
			);
			productRefGroup = 274CE29729E6D792007C703D /* Products */;
			projectDirPath = "";
			projectRoot = "";
			targets = (
				274CE29529E6D792007C703D /* Flor Shop */,
			);
		};
/* End PBXProject section */

/* Begin PBXResourcesBuildPhase section */
		274CE29429E6D792007C703D /* Resources */ = {
			isa = PBXResourcesBuildPhase;
			buildActionMask = 2147483647;
			files = (
				2786CA1B2A6D44CC00A80585 /* Fail1.mp3 in Resources */,
				274CE2A129E6D793007C703D /* Preview Assets.xcassets in Resources */,
				2786CA1C2A6D44CC00A80585 /* Success1.mp3 in Resources */,
				274CE29E29E6D793007C703D /* Assets.xcassets in Resources */,
				27BA28192A79BF46008F3F08 /* Artifika-Regular.ttf in Resources */,
				27E9FD1E2A582C710070216B /* GoogleService-Info.plist in Resources */,
				2777DB1C2B55DC1A00F6CAC3 /* BD_Flor_Shop.csv in Resources */,
			);
			runOnlyForDeploymentPostprocessing = 0;
		};
/* End PBXResourcesBuildPhase section */

/* Begin PBXSourcesBuildPhase section */
		274CE29229E6D792007C703D /* Sources */ = {
			isa = PBXSourcesBuildPhase;
			buildActionMask = 2147483647;
			files = (
				274960A62AD4966300BC257B /* PaymentTopBar.swift in Sources */,
				2735767A2B1F48E500E9CF12 /* GetCartUseCase.swift in Sources */,
				27B2DCC12A353EA00042485D /* CustomAsyncImageView.swift in Sources */,
				279C64902A8D7912003B29BC /* LocalCompanyManager.swift in Sources */,
				2733AF652ACB942E00BF8531 /* CustomerViewModel.swift in Sources */,
				2702C9D82ADACF8E008DBF66 /* AddCustomerViewModel.swift in Sources */,
				27EBAFE62A59A2CB006E5CAD /* LaunchScreenView.swift in Sources */,
				27F2F4A02B1E2AB2003E4197 /* GetCompanyUseCase.swift in Sources */,
				279C64882A8D7880003B29BC /* SubsidiaryRepositoryImpl.swift in Sources */,
				27C318E229F34498004CC146 /* DefaultTopBar.swift in Sources */,
				27B3937029F7575C0085D4EC /* SearchTopBar.swift in Sources */,
				27CC2E0D2A884C66000EDB64 /* CustomCorners.swift in Sources */,
				27F2F4932B1E1284003E4197 /* SetDefaultCompanyUseCase.swift in Sources */,
				2737E57E2AF6FD6900179D51 /* UploadOptionsView.swift in Sources */,
				2728EAAE2A1B0BC2002B534A /* SaleRepositoryImpl.swift in Sources */,
				27D2564D2ADB11DE004FB365 /* PaymentEnums.swift in Sources */,
				279C649A2A8D89BB003B29BC /* LocalCustomerManager.swift in Sources */,
				27F2F49B2B1E2338003E4197 /* LogInUseCase.swift in Sources */,
				27F68FBE2AD84EDF00D917FF /* NavManager.swift in Sources */,
				27F321D32BAE097500296E50 /* GetCustomerSalesUseCase.swift in Sources */,
				279C64A02A8D9539003B29BC /* Subsidiary.swift in Sources */,
				279C64A82A8D9823003B29BC /* SaleDetail.swift in Sources */,
				279C64962A8D798A003B29BC /* CustomerRepositoryImpl.swift in Sources */,
				279C649E2A8D9488003B29BC /* Company.swift in Sources */,
				2705BC442B77D1FE00A0CD42 /* SalesEnums.swift in Sources */,
				273576832B1F500600E9CF12 /* IncreaceProductInCartUseCase.swift in Sources */,
				2731F0B72A956BC800F6E5E0 /* LogInViewModel.swift in Sources */,
				274C65A52AC48B4800B778A2 /* EmployeeViewModel.swift in Sources */,
				279C64982A8D89A2003B29BC /* LocalEmployeeManager.swift in Sources */,
				273E638E2A897ACF0048DC44 /* PointOfSaleView.swift in Sources */,
				273576812B1F4BAE00E9CF12 /* EmptyCartUseCase.swift in Sources */,
				27F321D02BADFFE100296E50 /* CustomerHistoryViewModel.swift in Sources */,
				2702C9D62ADACCFA008DBF66 /* AddCustomerView.swift in Sources */,
				2715F2FF2A31482F00D3C918 /* AgregarTopBar.swift in Sources */,
				279EF9D72A9125C300F97CB1 /* FuncOpenGoogle.swift in Sources */,
				274AE3632A8E917B005FFAEC /* CompanyViewModel.swift in Sources */,
				2735768F2B1F8CE700E9CF12 /* SaveCustomerUseCase.swift in Sources */,
				2748918E2AD707B3004D6C6C /* CustomersEnums.swift in Sources */,
				274CE29C29E6D792007C703D /* ProductView.swift in Sources */,
				27F54F3429FDE6180083B616 /* CartTopBar.swift in Sources */,
				27F2F48E2B1E0E6C003E4197 /* CreateSubsidiaryUseCase.swift in Sources */,
				27F2F4532B1DE605003E4197 /* Dependencies.swift in Sources */,
				273BD5DF2A4B4493001C1C03 /* Notification.swift in Sources */,
				2728EAB02A1B0BD5002B534A /* CarRepositoryImpl.swift in Sources */,
				271BA1552A58799800572674 /* AgregarViewModel.swift in Sources */,
				279C64A62A8D97E1003B29BC /* Customer.swift in Sources */,
				68A4B1132A19835200FC8D9D /* Product.swift in Sources */,
				27C7B9D62A60F99400CA2818 /* OnboardViewModel.swift in Sources */,
				27F321CC2BADF4F200296E50 /* CustomerHistoryTopBar.swift in Sources */,
				27395AC02A8463F100A91420 /* CustomTextField.swift in Sources */,
				2735767D2B1F4A2C00E9CF12 /* DeleteCartDetailUseCase.swift in Sources */,
				27DF03812BBCF55F00FAE215 /* LogOutUseCase.swift in Sources */,
				2705BC412B77D0D900A0CD42 /* SalesTopBar.swift in Sources */,
				279C64A42A8D977C003B29BC /* Employee.swift in Sources */,
				27CC2DFF2A881BA1000EDB64 /* LogInView.swift in Sources */,
				27B3936C29F73B510085D4EC /* CustomTabBar.swift in Sources */,
				273576892B1F72CE00E9CF12 /* GetSalesUseCase.swift in Sources */,
				270B71CD2BBB8202002D79D6 /* OptimizeLocalImages.swift in Sources */,
				279D1FB32BB5E94C00BCBBA8 /* PayClientDebtUseCase.swift in Sources */,
				274CE29A29E6D792007C703D /* FlorShopApp.swift in Sources */,
				68D990C52A1AE98A00A3A393 /* ModelMapper.swift in Sources */,
				27F2F4902B1E0E82003E4197 /* CreateEmployeeUseCase.swift in Sources */,
				2776A2F02A86F35500410674 /* ProductsEnums.swift in Sources */,
				27CC2E092A883C1C000EDB64 /* SideMenuView.swift in Sources */,
				2737740E2A97E58F004C0BD1 /* MenuView.swift in Sources */,
				27D2564B2ADB0087004FB365 /* AddCustomerTopBar.swift in Sources */,
				2748918C2AD7063E004D6C6C /* CustomerTopBar.swift in Sources */,
				27F2F4892B1DFABA003E4197 /* GetProductsUseCase.swift in Sources */,
				2777D77C2B1EF408003C2FCA /* SaveProductUseCase.swift in Sources */,
				2735767F2B1F4AD700E9CF12 /* AddProductoToCartUseCase.swift in Sources */,
				2731F0B92A956BF900F6E5E0 /* RegistrationViewModel.swift in Sources */,
				27E9FD302A5835CA0070216B /* FirebaseApp.swift in Sources */,
				2735768B2B1F83CD00E9CF12 /* GetEmployeesUseCase.swift in Sources */,
				2728EAAA2A1B0B89002B534A /* LocalCartManager.swift in Sources */,
				27C241FC2A008CB50045B2A0 /* ProductViewModel.swift in Sources */,
				279EF9D52A9124C500F97CB1 /* AgregarView.swift in Sources */,
				27EBAFE82A59B52E006E5CAD /* LockScreenView.swift in Sources */,
				27E7A51C2A1D18570042983D /* CartDetail.swift in Sources */,
				279C64942A8D796D003B29BC /* EmployeeRepositoryImpl.swift in Sources */,
				27B3936E29F74E4B0085D4EC /* MainView.swift in Sources */,
				273774102A980781004C0BD1 /* CustomBackButton.swift in Sources */,
				68D990C22A1ADEA700A3A393 /* LocalProductManager.swift in Sources */,
				68A4B1102A197BFB00FC8D9D /* ProductRepositoryImpl.swift in Sources */,
				27C7B9D32A60CEC600CA2818 /* OnboardingView.swift in Sources */,
				274960A22AD4933000BC257B /* PaymentView.swift in Sources */,
				2735D45D2B21E28000C892AF /* SalesView.swift in Sources */,
				27F2F4972B1E14CD003E4197 /* SetDefaultEmployeeUseCase.swift in Sources */,
				27E9FD372A583AB30070216B /* VersionLockView.swift in Sources */,
				273576872B1F71F800E9CF12 /* RegisterSaleUseCase.swift in Sources */,
				27F2F4952B1E1463003E4197 /* SetDefaultSubsidiaryUseCase.swift in Sources */,
				27E113472A992B4C0027728A /* LocalImageManager.swift in Sources */,
				2733AF632ACB934800BF8531 /* CustomersView.swift in Sources */,
				27CB99C52A3354F60083CAB7 /* CustomButtons.swift in Sources */,
				27CC2E012A881BB8000EDB64 /* CreateAccountView.swift in Sources */,
				27BA281B2A79CA67008F3F08 /* PopoverHelp.swift in Sources */,
				2728EAAC2A1B0BA4002B534A /* LocalSaleManager.swift in Sources */,
				2735768D2B1F860D00E9CF12 /* GetCustomersUseCase.swift in Sources */,
				27F2F49E2B1E297D003E4197 /* GetSubsidiaryUseCase.swift in Sources */,
				273576852B1F507A00E9CF12 /* DecreaceProductInCartUseCase.swift in Sources */,
				27C241FF2A00A89C0045B2A0 /* CartViewModel.swift in Sources */,
				272066802A094D6A00E0CCA8 /* SalesViewModel.swift in Sources */,
				2728EAB22A1B0E02002B534A /* Car.swift in Sources */,
				27F321CE2BADF6CE00296E50 /* CustomerHistoryView.swift in Sources */,
				272559382A8ACBFF008896C8 /* FirebaseSesionManagement.swift in Sources */,
				2734B2342A300FF2003EA365 /* CustomHideKeyboard.swift in Sources */,
				27A6EF202ACC84C100F4D178 /* Extensions.swift in Sources */,
				27F54F3229FDE5210083B616 /* CartView.swift in Sources */,
				27C318D429F2FA45004CC146 /* BDFlor.xcdatamodeld in Sources */,
				27CC2DFD2A881B93000EDB64 /* WelcomeView.swift in Sources */,
				279C64A22A8D961B003B29BC /* ImageUrl.swift in Sources */,
				279C648E2A8D78FF003B29BC /* LocalSubsidiaryManager.swift in Sources */,
				271A7E1529F0FA3300BBAEA3 /* ImageProductNetworkViewModel.swift in Sources */,
				279C648A2A8D78B8003B29BC /* CompanyRepositoryImpl.swift in Sources */,
				274C65A12AC48A3200B778A2 /* EmployeeView.swift in Sources */,
				27CC2E0B2A8844EA000EDB64 /* TabButton.swift in Sources */,
				27F2F4992B1E15A5003E4197 /* RegisterUserUseCase.swift in Sources */,
				270930A22B46F4C300BDF3CD /* RemoteProductManager.swift in Sources */,
				2728EAB42A1B0E0D002B534A /* Sale.swift in Sources */,
				278142082AC333A60093B402 /* CartViews.swift in Sources */,
				68A4B1092A196B7500FC8D9D /* CoreDataProvider.swift in Sources */,
				2735D4602B21EBBE00C892AF /* GetSalesDetailsUseCase.swift in Sources */,
				27F2F48B2B1E0869003E4197 /* CreateCompanyUseCase.swift in Sources */,
				273576782B1F477B00E9CF12 /* GetProductsInCartUseCase.swift in Sources */,
			);
			runOnlyForDeploymentPostprocessing = 0;
		};
/* End PBXSourcesBuildPhase section */

/* Begin XCBuildConfiguration section */
		274CE2A229E6D793007C703D /* Debug */ = {
			isa = XCBuildConfiguration;
			buildSettings = {
				ALWAYS_SEARCH_USER_PATHS = NO;
				CLANG_ANALYZER_NONNULL = YES;
				CLANG_ANALYZER_NUMBER_OBJECT_CONVERSION = YES_AGGRESSIVE;
				CLANG_CXX_LANGUAGE_STANDARD = "gnu++20";
				CLANG_ENABLE_MODULES = YES;
				CLANG_ENABLE_OBJC_ARC = YES;
				CLANG_ENABLE_OBJC_WEAK = YES;
				CLANG_WARN_BLOCK_CAPTURE_AUTORELEASING = YES;
				CLANG_WARN_BOOL_CONVERSION = YES;
				CLANG_WARN_COMMA = YES;
				CLANG_WARN_CONSTANT_CONVERSION = YES;
				CLANG_WARN_DEPRECATED_OBJC_IMPLEMENTATIONS = YES;
				CLANG_WARN_DIRECT_OBJC_ISA_USAGE = YES_ERROR;
				CLANG_WARN_DOCUMENTATION_COMMENTS = YES;
				CLANG_WARN_EMPTY_BODY = YES;
				CLANG_WARN_ENUM_CONVERSION = YES;
				CLANG_WARN_INFINITE_RECURSION = YES;
				CLANG_WARN_INT_CONVERSION = YES;
				CLANG_WARN_NON_LITERAL_NULL_CONVERSION = YES;
				CLANG_WARN_OBJC_IMPLICIT_RETAIN_SELF = YES;
				CLANG_WARN_OBJC_LITERAL_CONVERSION = YES;
				CLANG_WARN_OBJC_ROOT_CLASS = YES_ERROR;
				CLANG_WARN_QUOTED_INCLUDE_IN_FRAMEWORK_HEADER = YES;
				CLANG_WARN_RANGE_LOOP_ANALYSIS = YES;
				CLANG_WARN_STRICT_PROTOTYPES = YES;
				CLANG_WARN_SUSPICIOUS_MOVE = YES;
				CLANG_WARN_UNGUARDED_AVAILABILITY = YES_AGGRESSIVE;
				CLANG_WARN_UNREACHABLE_CODE = YES;
				CLANG_WARN__DUPLICATE_METHOD_MATCH = YES;
				COPY_PHASE_STRIP = NO;
				DEBUG_INFORMATION_FORMAT = dwarf;
				ENABLE_STRICT_OBJC_MSGSEND = YES;
				ENABLE_TESTABILITY = YES;
				GCC_C_LANGUAGE_STANDARD = gnu11;
				GCC_DYNAMIC_NO_PIC = NO;
				GCC_NO_COMMON_BLOCKS = YES;
				GCC_OPTIMIZATION_LEVEL = 0;
				GCC_PREPROCESSOR_DEFINITIONS = (
					"DEBUG=1",
					"$(inherited)",
				);
				GCC_WARN_64_TO_32_BIT_CONVERSION = YES;
				GCC_WARN_ABOUT_RETURN_TYPE = YES_ERROR;
				GCC_WARN_UNDECLARED_SELECTOR = YES;
				GCC_WARN_UNINITIALIZED_AUTOS = YES_AGGRESSIVE;
				GCC_WARN_UNUSED_FUNCTION = YES;
				GCC_WARN_UNUSED_VARIABLE = YES;
				IPHONEOS_DEPLOYMENT_TARGET = 15.0;
				MTL_ENABLE_DEBUG_INFO = INCLUDE_SOURCE;
				MTL_FAST_MATH = YES;
				ONLY_ACTIVE_ARCH = YES;
				SDKROOT = iphoneos;
				SWIFT_ACTIVE_COMPILATION_CONDITIONS = DEBUG;
				SWIFT_OPTIMIZATION_LEVEL = "-Onone";
			};
			name = Debug;
		};
		274CE2A329E6D793007C703D /* Release */ = {
			isa = XCBuildConfiguration;
			buildSettings = {
				ALWAYS_SEARCH_USER_PATHS = NO;
				CLANG_ANALYZER_NONNULL = YES;
				CLANG_ANALYZER_NUMBER_OBJECT_CONVERSION = YES_AGGRESSIVE;
				CLANG_CXX_LANGUAGE_STANDARD = "gnu++20";
				CLANG_ENABLE_MODULES = YES;
				CLANG_ENABLE_OBJC_ARC = YES;
				CLANG_ENABLE_OBJC_WEAK = YES;
				CLANG_WARN_BLOCK_CAPTURE_AUTORELEASING = YES;
				CLANG_WARN_BOOL_CONVERSION = YES;
				CLANG_WARN_COMMA = YES;
				CLANG_WARN_CONSTANT_CONVERSION = YES;
				CLANG_WARN_DEPRECATED_OBJC_IMPLEMENTATIONS = YES;
				CLANG_WARN_DIRECT_OBJC_ISA_USAGE = YES_ERROR;
				CLANG_WARN_DOCUMENTATION_COMMENTS = YES;
				CLANG_WARN_EMPTY_BODY = YES;
				CLANG_WARN_ENUM_CONVERSION = YES;
				CLANG_WARN_INFINITE_RECURSION = YES;
				CLANG_WARN_INT_CONVERSION = YES;
				CLANG_WARN_NON_LITERAL_NULL_CONVERSION = YES;
				CLANG_WARN_OBJC_IMPLICIT_RETAIN_SELF = YES;
				CLANG_WARN_OBJC_LITERAL_CONVERSION = YES;
				CLANG_WARN_OBJC_ROOT_CLASS = YES_ERROR;
				CLANG_WARN_QUOTED_INCLUDE_IN_FRAMEWORK_HEADER = YES;
				CLANG_WARN_RANGE_LOOP_ANALYSIS = YES;
				CLANG_WARN_STRICT_PROTOTYPES = YES;
				CLANG_WARN_SUSPICIOUS_MOVE = YES;
				CLANG_WARN_UNGUARDED_AVAILABILITY = YES_AGGRESSIVE;
				CLANG_WARN_UNREACHABLE_CODE = YES;
				CLANG_WARN__DUPLICATE_METHOD_MATCH = YES;
				COPY_PHASE_STRIP = NO;
				DEBUG_INFORMATION_FORMAT = "dwarf-with-dsym";
				ENABLE_NS_ASSERTIONS = NO;
				ENABLE_STRICT_OBJC_MSGSEND = YES;
				GCC_C_LANGUAGE_STANDARD = gnu11;
				GCC_NO_COMMON_BLOCKS = YES;
				GCC_WARN_64_TO_32_BIT_CONVERSION = YES;
				GCC_WARN_ABOUT_RETURN_TYPE = YES_ERROR;
				GCC_WARN_UNDECLARED_SELECTOR = YES;
				GCC_WARN_UNINITIALIZED_AUTOS = YES_AGGRESSIVE;
				GCC_WARN_UNUSED_FUNCTION = YES;
				GCC_WARN_UNUSED_VARIABLE = YES;
				IPHONEOS_DEPLOYMENT_TARGET = 15.0;
				MTL_ENABLE_DEBUG_INFO = NO;
				MTL_FAST_MATH = YES;
				SDKROOT = iphoneos;
				SWIFT_COMPILATION_MODE = wholemodule;
				SWIFT_OPTIMIZATION_LEVEL = "-O";
				VALIDATE_PRODUCT = YES;
			};
			name = Release;
		};
		274CE2A529E6D793007C703D /* Debug */ = {
			isa = XCBuildConfiguration;
			buildSettings = {
				ASSETCATALOG_COMPILER_APPICON_NAME = AppIcon;
				ASSETCATALOG_COMPILER_GLOBAL_ACCENT_COLOR_NAME = AccentColor;
				CODE_SIGN_ENTITLEMENTS = "Flor Shop/Flor Shop.entitlements";
				CODE_SIGN_STYLE = Automatic;
				CURRENT_PROJECT_VERSION = 1;
				DEVELOPMENT_ASSET_PATHS = "\"Flor Shop/Preview Content\"";
				DEVELOPMENT_TEAM = 9TAXVQDQJU;
				ENABLE_PREVIEWS = YES;
				GENERATE_INFOPLIST_FILE = YES;
				INFOPLIST_FILE = "Flor-Shop-Info.plist";
				INFOPLIST_KEY_UIApplicationSceneManifest_Generation = YES;
				INFOPLIST_KEY_UIApplicationSupportsIndirectInputEvents = YES;
				INFOPLIST_KEY_UIStatusBarStyle = "";
				INFOPLIST_KEY_UISupportedInterfaceOrientations = UIInterfaceOrientationPortrait;
				INFOPLIST_KEY_UISupportedInterfaceOrientations_iPad = "UIInterfaceOrientationLandscapeLeft UIInterfaceOrientationLandscapeRight UIInterfaceOrientationPortrait UIInterfaceOrientationPortraitUpsideDown";
				IPHONEOS_DEPLOYMENT_TARGET = 16.0;
				LD_RUNPATH_SEARCH_PATHS = (
					"$(inherited)",
					"@executable_path/Frameworks",
				);
				MARKETING_VERSION = 1.0.2;
				PRODUCT_BUNDLE_IDENTIFIER = MrProFox.FlorShop;
				PRODUCT_NAME = "$(TARGET_NAME)";
				SUPPORTED_PLATFORMS = "iphoneos iphonesimulator";
				SUPPORTS_MACCATALYST = NO;
				SUPPORTS_MAC_DESIGNED_FOR_IPHONE_IPAD = NO;
				SWIFT_EMIT_LOC_STRINGS = YES;
				SWIFT_VERSION = 5.0;
				TARGETED_DEVICE_FAMILY = 1;
			};
			name = Debug;
		};
		274CE2A629E6D793007C703D /* Release */ = {
			isa = XCBuildConfiguration;
			buildSettings = {
				ASSETCATALOG_COMPILER_APPICON_NAME = AppIcon;
				ASSETCATALOG_COMPILER_GLOBAL_ACCENT_COLOR_NAME = AccentColor;
				CODE_SIGN_ENTITLEMENTS = "Flor Shop/Flor Shop.entitlements";
				CODE_SIGN_STYLE = Automatic;
				CURRENT_PROJECT_VERSION = 1;
				DEVELOPMENT_ASSET_PATHS = "\"Flor Shop/Preview Content\"";
				DEVELOPMENT_TEAM = 9TAXVQDQJU;
				ENABLE_PREVIEWS = YES;
				GENERATE_INFOPLIST_FILE = YES;
				INFOPLIST_FILE = "Flor-Shop-Info.plist";
				INFOPLIST_KEY_UIApplicationSceneManifest_Generation = YES;
				INFOPLIST_KEY_UIApplicationSupportsIndirectInputEvents = YES;
				INFOPLIST_KEY_UIStatusBarStyle = "";
				INFOPLIST_KEY_UISupportedInterfaceOrientations = UIInterfaceOrientationPortrait;
				INFOPLIST_KEY_UISupportedInterfaceOrientations_iPad = "UIInterfaceOrientationLandscapeLeft UIInterfaceOrientationLandscapeRight UIInterfaceOrientationPortrait UIInterfaceOrientationPortraitUpsideDown";
				IPHONEOS_DEPLOYMENT_TARGET = 16.0;
				LD_RUNPATH_SEARCH_PATHS = (
					"$(inherited)",
					"@executable_path/Frameworks",
				);
				MARKETING_VERSION = 1.0.2;
				PRODUCT_BUNDLE_IDENTIFIER = MrProFox.FlorShop;
				PRODUCT_NAME = "$(TARGET_NAME)";
				SUPPORTED_PLATFORMS = "iphoneos iphonesimulator";
				SUPPORTS_MACCATALYST = NO;
				SUPPORTS_MAC_DESIGNED_FOR_IPHONE_IPAD = NO;
				SWIFT_EMIT_LOC_STRINGS = YES;
				SWIFT_VERSION = 5.0;
				TARGETED_DEVICE_FAMILY = 1;
			};
			name = Release;
		};
/* End XCBuildConfiguration section */

/* Begin XCConfigurationList section */
		274CE29129E6D792007C703D /* Build configuration list for PBXProject "Flor Shop" */ = {
			isa = XCConfigurationList;
			buildConfigurations = (
				274CE2A229E6D793007C703D /* Debug */,
				274CE2A329E6D793007C703D /* Release */,
			);
			defaultConfigurationIsVisible = 0;
			defaultConfigurationName = Release;
		};
		274CE2A429E6D793007C703D /* Build configuration list for PBXNativeTarget "Flor Shop" */ = {
			isa = XCConfigurationList;
			buildConfigurations = (
				274CE2A529E6D793007C703D /* Debug */,
				274CE2A629E6D793007C703D /* Release */,
			);
			defaultConfigurationIsVisible = 0;
			defaultConfigurationName = Release;
		};
/* End XCConfigurationList section */

/* Begin XCRemoteSwiftPackageReference section */
		27E9FD1F2A582DDB0070216B /* XCRemoteSwiftPackageReference "firebase-ios-sdk" */ = {
			isa = XCRemoteSwiftPackageReference;
			repositoryURL = "https://github.com/firebase/firebase-ios-sdk";
			requirement = {
				kind = upToNextMajorVersion;
				minimumVersion = 10.0.0;
			};
		};
/* End XCRemoteSwiftPackageReference section */

/* Begin XCSwiftPackageProductDependency section */
		27E9FD202A582DDB0070216B /* FirebaseAnalytics */ = {
			isa = XCSwiftPackageProductDependency;
			package = 27E9FD1F2A582DDB0070216B /* XCRemoteSwiftPackageReference "firebase-ios-sdk" */;
			productName = FirebaseAnalytics;
		};
		27E9FD222A582DDB0070216B /* FirebaseAnalyticsSwift */ = {
			isa = XCSwiftPackageProductDependency;
			package = 27E9FD1F2A582DDB0070216B /* XCRemoteSwiftPackageReference "firebase-ios-sdk" */;
			productName = FirebaseAnalyticsSwift;
		};
		27E9FD242A582DDB0070216B /* FirebaseAuth */ = {
			isa = XCSwiftPackageProductDependency;
			package = 27E9FD1F2A582DDB0070216B /* XCRemoteSwiftPackageReference "firebase-ios-sdk" */;
			productName = FirebaseAuth;
		};
		27E9FD262A582DDB0070216B /* FirebaseCrashlytics */ = {
			isa = XCSwiftPackageProductDependency;
			package = 27E9FD1F2A582DDB0070216B /* XCRemoteSwiftPackageReference "firebase-ios-sdk" */;
			productName = FirebaseCrashlytics;
		};
		27E9FD282A582DDB0070216B /* FirebaseFirestore */ = {
			isa = XCSwiftPackageProductDependency;
			package = 27E9FD1F2A582DDB0070216B /* XCRemoteSwiftPackageReference "firebase-ios-sdk" */;
			productName = FirebaseFirestore;
		};
		27E9FD2A2A582DDB0070216B /* FirebaseFirestoreSwift */ = {
			isa = XCSwiftPackageProductDependency;
			package = 27E9FD1F2A582DDB0070216B /* XCRemoteSwiftPackageReference "firebase-ios-sdk" */;
			productName = FirebaseFirestoreSwift;
		};
		27E9FD2C2A582DDB0070216B /* FirebaseStorage */ = {
			isa = XCSwiftPackageProductDependency;
			package = 27E9FD1F2A582DDB0070216B /* XCRemoteSwiftPackageReference "firebase-ios-sdk" */;
			productName = FirebaseStorage;
		};
		27E9FD322A5838430070216B /* FirebaseDatabase */ = {
			isa = XCSwiftPackageProductDependency;
			package = 27E9FD1F2A582DDB0070216B /* XCRemoteSwiftPackageReference "firebase-ios-sdk" */;
			productName = FirebaseDatabase;
		};
		27E9FD342A5838430070216B /* FirebaseDatabaseSwift */ = {
			isa = XCSwiftPackageProductDependency;
			package = 27E9FD1F2A582DDB0070216B /* XCRemoteSwiftPackageReference "firebase-ios-sdk" */;
			productName = FirebaseDatabaseSwift;
		};
/* End XCSwiftPackageProductDependency section */

/* Begin XCVersionGroup section */
		27C318D229F2FA45004CC146 /* BDFlor.xcdatamodeld */ = {
			isa = XCVersionGroup;
			children = (
				27C318D329F2FA45004CC146 /* BDFlor.xcdatamodel */,
			);
			currentVersion = 27C318D329F2FA45004CC146 /* BDFlor.xcdatamodel */;
			path = BDFlor.xcdatamodeld;
			sourceTree = "<group>";
			versionGroupType = wrapper.xcdatamodel;
		};
/* End XCVersionGroup section */
	};
	rootObject = 274CE28E29E6D792007C703D /* Project object */;
}
