// !$*UTF8*$!
{
	archiveVersion = 1;
	classes = {
	};
	objectVersion = 56;
	objects = {

/* Begin PBXBuildFile section */
		271A7E1129F0DF1300BBAEA3 /* ProductoModel.swift in Sources */ = {isa = PBXBuildFile; fileRef = 271A7E1029F0DF1300BBAEA3 /* ProductoModel.swift */; };
		271A7E1329F0E27700BBAEA3 /* ProductoListViewModel.swift in Sources */ = {isa = PBXBuildFile; fileRef = 271A7E1229F0E27700BBAEA3 /* ProductoListViewModel.swift */; };
		271A7E1529F0FA3300BBAEA3 /* ImageProductNetworkViewModel.swift in Sources */ = {isa = PBXBuildFile; fileRef = 271A7E1429F0FA3300BBAEA3 /* ImageProductNetworkViewModel.swift */; };
		274CE29A29E6D792007C703D /* Flor_ShopApp.swift in Sources */ = {isa = PBXBuildFile; fileRef = 274CE29929E6D792007C703D /* Flor_ShopApp.swift */; };
		274CE29C29E6D792007C703D /* HomeView.swift in Sources */ = {isa = PBXBuildFile; fileRef = 274CE29B29E6D792007C703D /* HomeView.swift */; };
		274CE29E29E6D793007C703D /* Assets.xcassets in Resources */ = {isa = PBXBuildFile; fileRef = 274CE29D29E6D793007C703D /* Assets.xcassets */; };
		274CE2A129E6D793007C703D /* Preview Assets.xcassets in Resources */ = {isa = PBXBuildFile; fileRef = 274CE2A029E6D793007C703D /* Preview Assets.xcassets */; };
		27B3936C29F73B510085D4EC /* CustomTabBar.swift in Sources */ = {isa = PBXBuildFile; fileRef = 27B3936B29F73B510085D4EC /* CustomTabBar.swift */; };
		27B3936E29F74E4B0085D4EC /* MenuView.swift in Sources */ = {isa = PBXBuildFile; fileRef = 27B3936D29F74E4B0085D4EC /* MenuView.swift */; };
		27B3937029F7575C0085D4EC /* BuscarTopBar.swift in Sources */ = {isa = PBXBuildFile; fileRef = 27B3936F29F7575C0085D4EC /* BuscarTopBar.swift */; };
		27C318D429F2FA45004CC146 /* BDFlor.xcdatamodeld in Sources */ = {isa = PBXBuildFile; fileRef = 27C318D229F2FA45004CC146 /* BDFlor.xcdatamodeld */; };
		27C318D629F30517004CC146 /* ProductoCoreDataViewModel.swift in Sources */ = {isa = PBXBuildFile; fileRef = 27C318D529F30517004CC146 /* ProductoCoreDataViewModel.swift */; };
		27C318DB29F333C5004CC146 /* BottonBar.swift in Sources */ = {isa = PBXBuildFile; fileRef = 27C318DA29F333C5004CC146 /* BottonBar.swift */; };
		27C318DE29F33E72004CC146 /* ProductoCardView.swift in Sources */ = {isa = PBXBuildFile; fileRef = 27C318DD29F33E72004CC146 /* ProductoCardView.swift */; };
		27C318E029F34062004CC146 /* AgregarView.swift in Sources */ = {isa = PBXBuildFile; fileRef = 27C318DF29F34062004CC146 /* AgregarView.swift */; };
		27C318E229F34498004CC146 /* DefaultTopBar.swift in Sources */ = {isa = PBXBuildFile; fileRef = 27C318E129F34498004CC146 /* DefaultTopBar.swift */; };
		27EE72EA29F83E2E007C3B5F /* ProductCoreDataModel.swift in Sources */ = {isa = PBXBuildFile; fileRef = 27EE72E929F83E2E007C3B5F /* ProductCoreDataModel.swift */; };
/* End PBXBuildFile section */

/* Begin PBXFileReference section */
		271A7E1029F0DF1300BBAEA3 /* ProductoModel.swift */ = {isa = PBXFileReference; lastKnownFileType = sourcecode.swift; path = ProductoModel.swift; sourceTree = "<group>"; };
		271A7E1229F0E27700BBAEA3 /* ProductoListViewModel.swift */ = {isa = PBXFileReference; lastKnownFileType = sourcecode.swift; path = ProductoListViewModel.swift; sourceTree = "<group>"; };
		271A7E1429F0FA3300BBAEA3 /* ImageProductNetworkViewModel.swift */ = {isa = PBXFileReference; lastKnownFileType = sourcecode.swift; path = ImageProductNetworkViewModel.swift; sourceTree = "<group>"; };
		274CE29629E6D792007C703D /* Flor Shop.app */ = {isa = PBXFileReference; explicitFileType = wrapper.application; includeInIndex = 0; path = "Flor Shop.app"; sourceTree = BUILT_PRODUCTS_DIR; };
		274CE29929E6D792007C703D /* Flor_ShopApp.swift */ = {isa = PBXFileReference; lastKnownFileType = sourcecode.swift; path = Flor_ShopApp.swift; sourceTree = "<group>"; };
		274CE29B29E6D792007C703D /* HomeView.swift */ = {isa = PBXFileReference; lastKnownFileType = sourcecode.swift; path = HomeView.swift; sourceTree = "<group>"; };
		274CE29D29E6D793007C703D /* Assets.xcassets */ = {isa = PBXFileReference; lastKnownFileType = folder.assetcatalog; path = Assets.xcassets; sourceTree = "<group>"; };
		274CE2A029E6D793007C703D /* Preview Assets.xcassets */ = {isa = PBXFileReference; lastKnownFileType = folder.assetcatalog; path = "Preview Assets.xcassets"; sourceTree = "<group>"; };
		27B3936B29F73B510085D4EC /* CustomTabBar.swift */ = {isa = PBXFileReference; lastKnownFileType = sourcecode.swift; path = CustomTabBar.swift; sourceTree = "<group>"; };
		27B3936D29F74E4B0085D4EC /* MenuView.swift */ = {isa = PBXFileReference; lastKnownFileType = sourcecode.swift; path = MenuView.swift; sourceTree = "<group>"; };
		27B3936F29F7575C0085D4EC /* BuscarTopBar.swift */ = {isa = PBXFileReference; lastKnownFileType = sourcecode.swift; path = BuscarTopBar.swift; sourceTree = "<group>"; };
		27C318D329F2FA45004CC146 /* BDFlor.xcdatamodel */ = {isa = PBXFileReference; lastKnownFileType = wrapper.xcdatamodel; path = BDFlor.xcdatamodel; sourceTree = "<group>"; };
		27C318D529F30517004CC146 /* ProductoCoreDataViewModel.swift */ = {isa = PBXFileReference; lastKnownFileType = sourcecode.swift; path = ProductoCoreDataViewModel.swift; sourceTree = "<group>"; };
		27C318DA29F333C5004CC146 /* BottonBar.swift */ = {isa = PBXFileReference; lastKnownFileType = sourcecode.swift; path = BottonBar.swift; sourceTree = "<group>"; };
		27C318DD29F33E72004CC146 /* ProductoCardView.swift */ = {isa = PBXFileReference; lastKnownFileType = sourcecode.swift; path = ProductoCardView.swift; sourceTree = "<group>"; };
		27C318DF29F34062004CC146 /* AgregarView.swift */ = {isa = PBXFileReference; lastKnownFileType = sourcecode.swift; path = AgregarView.swift; sourceTree = "<group>"; };
		27C318E129F34498004CC146 /* DefaultTopBar.swift */ = {isa = PBXFileReference; lastKnownFileType = sourcecode.swift; path = DefaultTopBar.swift; sourceTree = "<group>"; };
		27EE72E929F83E2E007C3B5F /* ProductCoreDataModel.swift */ = {isa = PBXFileReference; lastKnownFileType = sourcecode.swift; path = ProductCoreDataModel.swift; sourceTree = "<group>"; };
/* End PBXFileReference section */

/* Begin PBXFrameworksBuildPhase section */
		274CE29329E6D792007C703D /* Frameworks */ = {
			isa = PBXFrameworksBuildPhase;
			buildActionMask = 2147483647;
			files = (
			);
			runOnlyForDeploymentPostprocessing = 0;
		};
/* End PBXFrameworksBuildPhase section */

/* Begin PBXGroup section */
		274CE28D29E6D792007C703D = {
			isa = PBXGroup;
			children = (
				274CE29829E6D792007C703D /* Flor Shop */,
				274CE29729E6D792007C703D /* Products */,
			);
			sourceTree = "<group>";
		};
		274CE29729E6D792007C703D /* Products */ = {
			isa = PBXGroup;
			children = (
				274CE29629E6D792007C703D /* Flor Shop.app */,
			);
			name = Products;
			sourceTree = "<group>";
		};
		274CE29829E6D792007C703D /* Flor Shop */ = {
			isa = PBXGroup;
			children = (
				27C318D229F2FA45004CC146 /* BDFlor.xcdatamodeld */,
				274CE2A729E6D811007C703D /* Model */,
				274CE2A829E6D817007C703D /* ViewModel */,
				274CE2A929E6D81E007C703D /* View */,
				274CE29929E6D792007C703D /* Flor_ShopApp.swift */,
				274CE29D29E6D793007C703D /* Assets.xcassets */,
				274CE29F29E6D793007C703D /* Preview Content */,
			);
			path = "Flor Shop";
			sourceTree = "<group>";
		};
		274CE29F29E6D793007C703D /* Preview Content */ = {
			isa = PBXGroup;
			children = (
				274CE2A029E6D793007C703D /* Preview Assets.xcassets */,
			);
			path = "Preview Content";
			sourceTree = "<group>";
		};
		274CE2A729E6D811007C703D /* Model */ = {
			isa = PBXGroup;
			children = (
				271A7E1029F0DF1300BBAEA3 /* ProductoModel.swift */,
				27EE72E929F83E2E007C3B5F /* ProductCoreDataModel.swift */,
			);
			path = Model;
			sourceTree = "<group>";
		};
		274CE2A829E6D817007C703D /* ViewModel */ = {
			isa = PBXGroup;
			children = (
				271A7E1229F0E27700BBAEA3 /* ProductoListViewModel.swift */,
				271A7E1429F0FA3300BBAEA3 /* ImageProductNetworkViewModel.swift */,
				27C318D529F30517004CC146 /* ProductoCoreDataViewModel.swift */,
			);
			path = ViewModel;
			sourceTree = "<group>";
		};
		274CE2A929E6D81E007C703D /* View */ = {
			isa = PBXGroup;
			children = (
				27C318DC29F33655004CC146 /* Components */,
				274CE29B29E6D792007C703D /* HomeView.swift */,
				27C318DF29F34062004CC146 /* AgregarView.swift */,
				27B3936D29F74E4B0085D4EC /* MenuView.swift */,
			);
			path = View;
			sourceTree = "<group>";
		};
		27C318DC29F33655004CC146 /* Components */ = {
			isa = PBXGroup;
			children = (
				27C318DA29F333C5004CC146 /* BottonBar.swift */,
				27C318DD29F33E72004CC146 /* ProductoCardView.swift */,
				27C318E129F34498004CC146 /* DefaultTopBar.swift */,
				27B3936B29F73B510085D4EC /* CustomTabBar.swift */,
				27B3936F29F7575C0085D4EC /* BuscarTopBar.swift */,
			);
			path = Components;
			sourceTree = "<group>";
		};
/* End PBXGroup section */

/* Begin PBXNativeTarget section */
		274CE29529E6D792007C703D /* Flor Shop */ = {
			isa = PBXNativeTarget;
			buildConfigurationList = 274CE2A429E6D793007C703D /* Build configuration list for PBXNativeTarget "Flor Shop" */;
			buildPhases = (
				274CE29229E6D792007C703D /* Sources */,
				274CE29329E6D792007C703D /* Frameworks */,
				274CE29429E6D792007C703D /* Resources */,
			);
			buildRules = (
			);
			dependencies = (
			);
			name = "Flor Shop";
			productName = "Flor Shop";
			productReference = 274CE29629E6D792007C703D /* Flor Shop.app */;
			productType = "com.apple.product-type.application";
		};
/* End PBXNativeTarget section */

/* Begin PBXProject section */
		274CE28E29E6D792007C703D /* Project object */ = {
			isa = PBXProject;
			attributes = {
				BuildIndependentTargetsInParallel = 1;
				LastSwiftUpdateCheck = 1430;
				LastUpgradeCheck = 1430;
				TargetAttributes = {
					274CE29529E6D792007C703D = {
						CreatedOnToolsVersion = 14.3;
					};
				};
			};
			buildConfigurationList = 274CE29129E6D792007C703D /* Build configuration list for PBXProject "Flor Shop" */;
			compatibilityVersion = "Xcode 14.0";
			developmentRegion = en;
			hasScannedForEncodings = 0;
			knownRegions = (
				en,
				Base,
			);
			mainGroup = 274CE28D29E6D792007C703D;
			productRefGroup = 274CE29729E6D792007C703D /* Products */;
			projectDirPath = "";
			projectRoot = "";
			targets = (
				274CE29529E6D792007C703D /* Flor Shop */,
			);
		};
/* End PBXProject section */

/* Begin PBXResourcesBuildPhase section */
		274CE29429E6D792007C703D /* Resources */ = {
			isa = PBXResourcesBuildPhase;
			buildActionMask = 2147483647;
			files = (
				274CE2A129E6D793007C703D /* Preview Assets.xcassets in Resources */,
				274CE29E29E6D793007C703D /* Assets.xcassets in Resources */,
			);
			runOnlyForDeploymentPostprocessing = 0;
		};
/* End PBXResourcesBuildPhase section */

/* Begin PBXSourcesBuildPhase section */
		274CE29229E6D792007C703D /* Sources */ = {
			isa = PBXSourcesBuildPhase;
			buildActionMask = 2147483647;
			files = (
				27C318E029F34062004CC146 /* AgregarView.swift in Sources */,
				27C318E229F34498004CC146 /* DefaultTopBar.swift in Sources */,
				27C318DB29F333C5004CC146 /* BottonBar.swift in Sources */,
				27B3937029F7575C0085D4EC /* BuscarTopBar.swift in Sources */,
				274CE29C29E6D792007C703D /* HomeView.swift in Sources */,
				27EE72EA29F83E2E007C3B5F /* ProductCoreDataModel.swift in Sources */,
				27B3936C29F73B510085D4EC /* CustomTabBar.swift in Sources */,
				274CE29A29E6D792007C703D /* Flor_ShopApp.swift in Sources */,
				271A7E1329F0E27700BBAEA3 /* ProductoListViewModel.swift in Sources */,
				27B3936E29F74E4B0085D4EC /* MenuView.swift in Sources */,
				271A7E1129F0DF1300BBAEA3 /* ProductoModel.swift in Sources */,
				27C318D629F30517004CC146 /* ProductoCoreDataViewModel.swift in Sources */,
				27C318DE29F33E72004CC146 /* ProductoCardView.swift in Sources */,
				27C318D429F2FA45004CC146 /* BDFlor.xcdatamodeld in Sources */,
				271A7E1529F0FA3300BBAEA3 /* ImageProductNetworkViewModel.swift in Sources */,
			);
			runOnlyForDeploymentPostprocessing = 0;
		};
/* End PBXSourcesBuildPhase section */

/* Begin XCBuildConfiguration section */
		274CE2A229E6D793007C703D /* Debug */ = {
			isa = XCBuildConfiguration;
			buildSettings = {
				ALWAYS_SEARCH_USER_PATHS = NO;
				CLANG_ANALYZER_NONNULL = YES;
				CLANG_ANALYZER_NUMBER_OBJECT_CONVERSION = YES_AGGRESSIVE;
				CLANG_CXX_LANGUAGE_STANDARD = "gnu++20";
				CLANG_ENABLE_MODULES = YES;
				CLANG_ENABLE_OBJC_ARC = YES;
				CLANG_ENABLE_OBJC_WEAK = YES;
				CLANG_WARN_BLOCK_CAPTURE_AUTORELEASING = YES;
				CLANG_WARN_BOOL_CONVERSION = YES;
				CLANG_WARN_COMMA = YES;
				CLANG_WARN_CONSTANT_CONVERSION = YES;
				CLANG_WARN_DEPRECATED_OBJC_IMPLEMENTATIONS = YES;
				CLANG_WARN_DIRECT_OBJC_ISA_USAGE = YES_ERROR;
				CLANG_WARN_DOCUMENTATION_COMMENTS = YES;
				CLANG_WARN_EMPTY_BODY = YES;
				CLANG_WARN_ENUM_CONVERSION = YES;
				CLANG_WARN_INFINITE_RECURSION = YES;
				CLANG_WARN_INT_CONVERSION = YES;
				CLANG_WARN_NON_LITERAL_NULL_CONVERSION = YES;
				CLANG_WARN_OBJC_IMPLICIT_RETAIN_SELF = YES;
				CLANG_WARN_OBJC_LITERAL_CONVERSION = YES;
				CLANG_WARN_OBJC_ROOT_CLASS = YES_ERROR;
				CLANG_WARN_QUOTED_INCLUDE_IN_FRAMEWORK_HEADER = YES;
				CLANG_WARN_RANGE_LOOP_ANALYSIS = YES;
				CLANG_WARN_STRICT_PROTOTYPES = YES;
				CLANG_WARN_SUSPICIOUS_MOVE = YES;
				CLANG_WARN_UNGUARDED_AVAILABILITY = YES_AGGRESSIVE;
				CLANG_WARN_UNREACHABLE_CODE = YES;
				CLANG_WARN__DUPLICATE_METHOD_MATCH = YES;
				COPY_PHASE_STRIP = NO;
				DEBUG_INFORMATION_FORMAT = dwarf;
				ENABLE_STRICT_OBJC_MSGSEND = YES;
				ENABLE_TESTABILITY = YES;
				GCC_C_LANGUAGE_STANDARD = gnu11;
				GCC_DYNAMIC_NO_PIC = NO;
				GCC_NO_COMMON_BLOCKS = YES;
				GCC_OPTIMIZATION_LEVEL = 0;
				GCC_PREPROCESSOR_DEFINITIONS = (
					"DEBUG=1",
					"$(inherited)",
				);
				GCC_WARN_64_TO_32_BIT_CONVERSION = YES;
				GCC_WARN_ABOUT_RETURN_TYPE = YES_ERROR;
				GCC_WARN_UNDECLARED_SELECTOR = YES;
				GCC_WARN_UNINITIALIZED_AUTOS = YES_AGGRESSIVE;
				GCC_WARN_UNUSED_FUNCTION = YES;
				GCC_WARN_UNUSED_VARIABLE = YES;
				IPHONEOS_DEPLOYMENT_TARGET = 16.4;
				MTL_ENABLE_DEBUG_INFO = INCLUDE_SOURCE;
				MTL_FAST_MATH = YES;
				ONLY_ACTIVE_ARCH = YES;
				SDKROOT = iphoneos;
				SWIFT_ACTIVE_COMPILATION_CONDITIONS = DEBUG;
				SWIFT_OPTIMIZATION_LEVEL = "-Onone";
			};
			name = Debug;
		};
		274CE2A329E6D793007C703D /* Release */ = {
			isa = XCBuildConfiguration;
			buildSettings = {
				ALWAYS_SEARCH_USER_PATHS = NO;
				CLANG_ANALYZER_NONNULL = YES;
				CLANG_ANALYZER_NUMBER_OBJECT_CONVERSION = YES_AGGRESSIVE;
				CLANG_CXX_LANGUAGE_STANDARD = "gnu++20";
				CLANG_ENABLE_MODULES = YES;
				CLANG_ENABLE_OBJC_ARC = YES;
				CLANG_ENABLE_OBJC_WEAK = YES;
				CLANG_WARN_BLOCK_CAPTURE_AUTORELEASING = YES;
				CLANG_WARN_BOOL_CONVERSION = YES;
				CLANG_WARN_COMMA = YES;
				CLANG_WARN_CONSTANT_CONVERSION = YES;
				CLANG_WARN_DEPRECATED_OBJC_IMPLEMENTATIONS = YES;
				CLANG_WARN_DIRECT_OBJC_ISA_USAGE = YES_ERROR;
				CLANG_WARN_DOCUMENTATION_COMMENTS = YES;
				CLANG_WARN_EMPTY_BODY = YES;
				CLANG_WARN_ENUM_CONVERSION = YES;
				CLANG_WARN_INFINITE_RECURSION = YES;
				CLANG_WARN_INT_CONVERSION = YES;
				CLANG_WARN_NON_LITERAL_NULL_CONVERSION = YES;
				CLANG_WARN_OBJC_IMPLICIT_RETAIN_SELF = YES;
				CLANG_WARN_OBJC_LITERAL_CONVERSION = YES;
				CLANG_WARN_OBJC_ROOT_CLASS = YES_ERROR;
				CLANG_WARN_QUOTED_INCLUDE_IN_FRAMEWORK_HEADER = YES;
				CLANG_WARN_RANGE_LOOP_ANALYSIS = YES;
				CLANG_WARN_STRICT_PROTOTYPES = YES;
				CLANG_WARN_SUSPICIOUS_MOVE = YES;
				CLANG_WARN_UNGUARDED_AVAILABILITY = YES_AGGRESSIVE;
				CLANG_WARN_UNREACHABLE_CODE = YES;
				CLANG_WARN__DUPLICATE_METHOD_MATCH = YES;
				COPY_PHASE_STRIP = NO;
				DEBUG_INFORMATION_FORMAT = "dwarf-with-dsym";
				ENABLE_NS_ASSERTIONS = NO;
				ENABLE_STRICT_OBJC_MSGSEND = YES;
				GCC_C_LANGUAGE_STANDARD = gnu11;
				GCC_NO_COMMON_BLOCKS = YES;
				GCC_WARN_64_TO_32_BIT_CONVERSION = YES;
				GCC_WARN_ABOUT_RETURN_TYPE = YES_ERROR;
				GCC_WARN_UNDECLARED_SELECTOR = YES;
				GCC_WARN_UNINITIALIZED_AUTOS = YES_AGGRESSIVE;
				GCC_WARN_UNUSED_FUNCTION = YES;
				GCC_WARN_UNUSED_VARIABLE = YES;
				IPHONEOS_DEPLOYMENT_TARGET = 16.4;
				MTL_ENABLE_DEBUG_INFO = NO;
				MTL_FAST_MATH = YES;
				SDKROOT = iphoneos;
				SWIFT_COMPILATION_MODE = wholemodule;
				SWIFT_OPTIMIZATION_LEVEL = "-O";
				VALIDATE_PRODUCT = YES;
			};
			name = Release;
		};
		274CE2A529E6D793007C703D /* Debug */ = {
			isa = XCBuildConfiguration;
			buildSettings = {
				ASSETCATALOG_COMPILER_APPICON_NAME = AppIcon;
				ASSETCATALOG_COMPILER_GLOBAL_ACCENT_COLOR_NAME = AccentColor;
				CODE_SIGN_STYLE = Automatic;
				CURRENT_PROJECT_VERSION = 1;
				DEVELOPMENT_ASSET_PATHS = "\"Flor Shop/Preview Content\"";
				DEVELOPMENT_TEAM = 9TAXVQDQJU;
				ENABLE_PREVIEWS = YES;
				GENERATE_INFOPLIST_FILE = YES;
				INFOPLIST_KEY_UIApplicationSceneManifest_Generation = YES;
				INFOPLIST_KEY_UIApplicationSupportsIndirectInputEvents = YES;
				INFOPLIST_KEY_UILaunchScreen_Generation = YES;
				INFOPLIST_KEY_UISupportedInterfaceOrientations_iPad = "UIInterfaceOrientationPortrait UIInterfaceOrientationPortraitUpsideDown UIInterfaceOrientationLandscapeLeft UIInterfaceOrientationLandscapeRight";
				INFOPLIST_KEY_UISupportedInterfaceOrientations_iPhone = "UIInterfaceOrientationPortrait UIInterfaceOrientationLandscapeLeft UIInterfaceOrientationLandscapeRight";
				LD_RUNPATH_SEARCH_PATHS = (
					"$(inherited)",
					"@executable_path/Frameworks",
				);
				MARKETING_VERSION = 1.0;
				PRODUCT_BUNDLE_IDENTIFIER = "MrProFox.Flor-Shop";
				PRODUCT_NAME = "$(TARGET_NAME)";
				SWIFT_EMIT_LOC_STRINGS = YES;
				SWIFT_VERSION = 5.0;
				TARGETED_DEVICE_FAMILY = "1,2";
			};
			name = Debug;
		};
		274CE2A629E6D793007C703D /* Release */ = {
			isa = XCBuildConfiguration;
			buildSettings = {
				ASSETCATALOG_COMPILER_APPICON_NAME = AppIcon;
				ASSETCATALOG_COMPILER_GLOBAL_ACCENT_COLOR_NAME = AccentColor;
				CODE_SIGN_STYLE = Automatic;
				CURRENT_PROJECT_VERSION = 1;
				DEVELOPMENT_ASSET_PATHS = "\"Flor Shop/Preview Content\"";
				DEVELOPMENT_TEAM = 9TAXVQDQJU;
				ENABLE_PREVIEWS = YES;
				GENERATE_INFOPLIST_FILE = YES;
				INFOPLIST_KEY_UIApplicationSceneManifest_Generation = YES;
				INFOPLIST_KEY_UIApplicationSupportsIndirectInputEvents = YES;
				INFOPLIST_KEY_UILaunchScreen_Generation = YES;
				INFOPLIST_KEY_UISupportedInterfaceOrientations_iPad = "UIInterfaceOrientationPortrait UIInterfaceOrientationPortraitUpsideDown UIInterfaceOrientationLandscapeLeft UIInterfaceOrientationLandscapeRight";
				INFOPLIST_KEY_UISupportedInterfaceOrientations_iPhone = "UIInterfaceOrientationPortrait UIInterfaceOrientationLandscapeLeft UIInterfaceOrientationLandscapeRight";
				LD_RUNPATH_SEARCH_PATHS = (
					"$(inherited)",
					"@executable_path/Frameworks",
				);
				MARKETING_VERSION = 1.0;
				PRODUCT_BUNDLE_IDENTIFIER = "MrProFox.Flor-Shop";
				PRODUCT_NAME = "$(TARGET_NAME)";
				SWIFT_EMIT_LOC_STRINGS = YES;
				SWIFT_VERSION = 5.0;
				TARGETED_DEVICE_FAMILY = "1,2";
			};
			name = Release;
		};
/* End XCBuildConfiguration section */

/* Begin XCConfigurationList section */
		274CE29129E6D792007C703D /* Build configuration list for PBXProject "Flor Shop" */ = {
			isa = XCConfigurationList;
			buildConfigurations = (
				274CE2A229E6D793007C703D /* Debug */,
				274CE2A329E6D793007C703D /* Release */,
			);
			defaultConfigurationIsVisible = 0;
			defaultConfigurationName = Release;
		};
		274CE2A429E6D793007C703D /* Build configuration list for PBXNativeTarget "Flor Shop" */ = {
			isa = XCConfigurationList;
			buildConfigurations = (
				274CE2A529E6D793007C703D /* Debug */,
				274CE2A629E6D793007C703D /* Release */,
			);
			defaultConfigurationIsVisible = 0;
			defaultConfigurationName = Release;
		};
/* End XCConfigurationList section */

/* Begin XCVersionGroup section */
		27C318D229F2FA45004CC146 /* BDFlor.xcdatamodeld */ = {
			isa = XCVersionGroup;
			children = (
				27C318D329F2FA45004CC146 /* BDFlor.xcdatamodel */,
			);
			currentVersion = 27C318D329F2FA45004CC146 /* BDFlor.xcdatamodel */;
			name = BDFlor.xcdatamodeld;
			path = "Core Data/BDFlor.xcdatamodeld";
			sourceTree = "<group>";
			versionGroupType = wrapper.xcdatamodel;
		};
/* End XCVersionGroup section */
	};
	rootObject = 274CE28E29E6D792007C703D /* Project object */;
}
